PODS:
  - AFNetworking (3.1.0):
    - AFNetworking/NSURLSession (= 3.1.0)
    - AFNetworking/Reachability (= 3.1.0)
    - AFNetworking/Security (= 3.1.0)
    - AFNetworking/Serialization (= 3.1.0)
    - AFNetworking/UIKit (= 3.1.0)
  - AFNetworking/NSURLSession (3.1.0):
    - AFNetworking/Reachability
    - AFNetworking/Security
    - AFNetworking/Serialization
  - AFNetworking/Reachability (3.1.0)
  - AFNetworking/Security (3.1.0)
  - AFNetworking/Serialization (3.1.0)
  - AFNetworking/UIKit (3.1.0):
    - AFNetworking/NSURLSession
  - ARChromeActivity (1.0.6)
  - Crashlytics (3.8.3):
    - Fabric (~> 1.6.3)
  - Expecta (1.0.5)
  - Fabric (1.6.10)
  - HexColors (2.2.1)
  - HockeySDK (4.1.2):
    - HockeySDK/DefaultLib (= 4.1.2)
  - HockeySDK/DefaultLib (4.1.2)
  - Keys (1.0.1)
  - OCMock (3.3.1)
  - Ono (1.2.2)
  - PureLayout (3.0.2)
  - SDWebImage (3.8.2):
    - SDWebImage/Core (= 3.8.2)
  - SDWebImage/Core (3.8.2)
  - TSMessages (0.9.12):
    - HexColors (~> 2.2.0)
  - TUSafariActivity (1.0.4)
  - Tweaks (2.0.0)

DEPENDENCIES:
  - AFNetworking (~> 3.1)
  - ARChromeActivity (~> 1.0)
  - Crashlytics (~> 3.8)
  - Expecta (~> 1.0)
  - HockeySDK (~> 4.1)
  - Keys (from `Pods/CocoaPodsKeys`)
  - OCMock (~> 3.3)
  - Ono (~> 1.2)
  - PureLayout (~> 3.0)
  - SDWebImage (~> 3.7)
  - TSMessages (~> 0.9)
  - TUSafariActivity (~> 1.0)
  - Tweaks (~> 2.0)

SPEC REPOS:
  https://github.com/cocoapods/specs.git:
    - AFNetworking
    - ARChromeActivity
    - Crashlytics
    - Expecta
    - Fabric
    - HexColors
    - HockeySDK
    - OCMock
    - Ono
    - PureLayout
    - SDWebImage
    - TSMessages
    - TUSafariActivity
    - Tweaks

EXTERNAL SOURCES:
  Keys:
    :path: Pods/CocoaPodsKeys

SPEC CHECKSUMS:
  AFNetworking: 5e0e199f73d8626b11e79750991f5d173d1f8b67
  ARChromeActivity: 5dcf9b9f09323761f992aff3525cdd777f83609d
  Crashlytics: 2b6dbe138a42395577cfa73dfa1aa7248cadf39e
  Expecta: e1c022fcd33910b6be89c291d2775b3fe27a89fe
  Fabric: c73f371ee543e3f0b80608f2674750e4910d1669
  HexColors: abfd172e329dab59888614ccba6f216cec59289d
  HockeySDK: c7523379550a4305cefc1cdfa7b5f9a5a3538180
  Keys: a576f4c9c1c641ca913a959a9c62ed3f215a8de9
  OCMock: f3f61e6eaa16038c30caa5798c5e49d3307b6f22
  Ono: 80b1c686777d3f6d5d5ce6fcac8a74afef4ca197
  PureLayout: 4d550abe49a94f24c2808b9b95db9131685fe4cd
  SDWebImage: 098e97e6176540799c27e804c96653ee0833d13c
  TSMessages: c8cc7b80f2a833af533872cd02010cac061532cc
  TUSafariActivity: afc55a00965377939107ce4fdc7f951f62454546
  Tweaks: 524fa47636cce3bf3a4d9156e980f10ae9480e81

PODFILE CHECKSUM: b929458cb88633af57c7933f58ca5e529b10b5ac

COCOAPODS: 1.5.3
