// !$*UTF8*$!
{
	archiveVersion = 1;
	classes = {
	};
	objectVersion = 46;
	objects = {

/* Begin PBXBuildFile section */
		9B02AE4A1F5C507000EA1A6F /* Network.swift in Sources */ = {isa = PBXBuildFile; fileRef = 9B02AE491F5C507000EA1A6F /* Network.swift */; };
		9B02AE4C1F5C515400EA1A6F /* LazyImage.swift in Sources */ = {isa = PBXBuildFile; fileRef = 9B02AE4B1F5C515400EA1A6F /* LazyImage.swift */; };
		9B02AE4E1F5C53C700EA1A6F /* Network.swift in Sources */ = {isa = PBXBuildFile; fileRef = 9B02AE491F5C507000EA1A6F /* Network.swift */; };
		9B02AE501F5C7BD800EA1A6F /* Constants.swift in Sources */ = {isa = PBXBuildFile; fileRef = 9B02AE4F1F5C7BD800EA1A6F /* Constants.swift */; };
		9BABAC291F618F4A0052063A /* DataController.swift in Sources */ = {isa = PBXBuildFile; fileRef = 9BABAC281F618F4A0052063A /* DataController.swift */; };
		9BABAC2C1F618F810052063A /* macmagazine.xcdatamodeld in Sources */ = {isa = PBXBuildFile; fileRef = 9BABAC2A1F618F810052063A /* macmagazine.xcdatamodeld */; };
		9BABAC2E1F6190620052063A /* Post.swift in Sources */ = {isa = PBXBuildFile; fileRef = 9BABAC2D1F6190620052063A /* Post.swift */; };
		9BABAC301F619FAE0052063A /* Post.swift in Sources */ = {isa = PBXBuildFile; fileRef = 9BABAC2D1F6190620052063A /* Post.swift */; };
		9BABAC311F61A4270052063A /* DataController.swift in Sources */ = {isa = PBXBuildFile; fileRef = 9BABAC281F618F4A0052063A /* DataController.swift */; };
		9BC9B12E1F5C960700C4DF17 /* postCell.swift in Sources */ = {isa = PBXBuildFile; fileRef = 9BC9B12D1F5C960700C4DF17 /* postCell.swift */; };
		9BCAD67B1F47A08100B54526 /* AppDelegate.swift in Sources */ = {isa = PBXBuildFile; fileRef = 9BCAD67A1F47A08100B54526 /* AppDelegate.swift */; };
		9BCAD67D1F47A08100B54526 /* PostsMasterViewController.swift in Sources */ = {isa = PBXBuildFile; fileRef = 9BCAD67C1F47A08100B54526 /* PostsMasterViewController.swift */; };
		9BCAD67F1F47A08100B54526 /* PostsDetailViewController.swift in Sources */ = {isa = PBXBuildFile; fileRef = 9BCAD67E1F47A08100B54526 /* PostsDetailViewController.swift */; };
		9BCAD6821F47A08100B54526 /* Main.storyboard in Resources */ = {isa = PBXBuildFile; fileRef = 9BCAD6801F47A08100B54526 /* Main.storyboard */; };
		9BCAD6841F47A08100B54526 /* Assets.xcassets in Resources */ = {isa = PBXBuildFile; fileRef = 9BCAD6831F47A08100B54526 /* Assets.xcassets */; };
		9BCAD6871F47A08100B54526 /* LaunchScreen.storyboard in Resources */ = {isa = PBXBuildFile; fileRef = 9BCAD6851F47A08100B54526 /* LaunchScreen.storyboard */; };
		9BE697DE1F487EEF0048D68D /* PostsTests.swift in Sources */ = {isa = PBXBuildFile; fileRef = 9BE697DD1F487EEF0048D68D /* PostsTests.swift */; };
		9BF356281F6208F70081BE90 /* UIColor+HexColor.swift in Sources */ = {isa = PBXBuildFile; fileRef = 9BF356271F6208F70081BE90 /* UIColor+HexColor.swift */; };
/* End PBXBuildFile section */

/* Begin PBXContainerItemProxy section */
		9BE697D21F4874C20048D68D /* PBXContainerItemProxy */ = {
			isa = PBXContainerItemProxy;
			containerPortal = 9BCAD66F1F47A08100B54526 /* Project object */;
			proxyType = 1;
			remoteGlobalIDString = 9BCAD6761F47A08100B54526;
			remoteInfo = MacMagazine;
		};
/* End PBXContainerItemProxy section */

/* Begin PBXFileReference section */
		9B02AE491F5C507000EA1A6F /* Network.swift */ = {isa = PBXFileReference; fileEncoding = 4; lastKnownFileType = sourcecode.swift; path = Network.swift; sourceTree = "<group>"; };
		9B02AE4B1F5C515400EA1A6F /* LazyImage.swift */ = {isa = PBXFileReference; fileEncoding = 4; lastKnownFileType = sourcecode.swift; path = LazyImage.swift; sourceTree = "<group>"; };
		9B02AE4F1F5C7BD800EA1A6F /* Constants.swift */ = {isa = PBXFileReference; fileEncoding = 4; lastKnownFileType = sourcecode.swift; path = Constants.swift; sourceTree = "<group>"; };
		9BABAC281F618F4A0052063A /* DataController.swift */ = {isa = PBXFileReference; fileEncoding = 4; lastKnownFileType = sourcecode.swift; path = DataController.swift; sourceTree = "<group>"; };
		9BABAC2B1F618F810052063A /* macmagazine.xcdatamodel */ = {isa = PBXFileReference; lastKnownFileType = wrapper.xcdatamodel; path = macmagazine.xcdatamodel; sourceTree = "<group>"; };
		9BABAC2D1F6190620052063A /* Post.swift */ = {isa = PBXFileReference; fileEncoding = 4; lastKnownFileType = sourcecode.swift; path = Post.swift; sourceTree = "<group>"; };
		9BC9B12D1F5C960700C4DF17 /* postCell.swift */ = {isa = PBXFileReference; fileEncoding = 4; lastKnownFileType = sourcecode.swift; path = postCell.swift; sourceTree = "<group>"; };
		9BCAD6771F47A08100B54526 /* MacMagazine.app */ = {isa = PBXFileReference; explicitFileType = wrapper.application; includeInIndex = 0; path = MacMagazine.app; sourceTree = BUILT_PRODUCTS_DIR; };
		9BCAD67A1F47A08100B54526 /* AppDelegate.swift */ = {isa = PBXFileReference; lastKnownFileType = sourcecode.swift; path = AppDelegate.swift; sourceTree = "<group>"; };
		9BCAD67C1F47A08100B54526 /* PostsMasterViewController.swift */ = {isa = PBXFileReference; lastKnownFileType = sourcecode.swift; path = PostsMasterViewController.swift; sourceTree = "<group>"; };
		9BCAD67E1F47A08100B54526 /* PostsDetailViewController.swift */ = {isa = PBXFileReference; lastKnownFileType = sourcecode.swift; path = PostsDetailViewController.swift; sourceTree = "<group>"; };
		9BCAD6811F47A08100B54526 /* Base */ = {isa = PBXFileReference; lastKnownFileType = file.storyboard; name = Base; path = Base.lproj/Main.storyboard; sourceTree = "<group>"; };
		9BCAD6831F47A08100B54526 /* Assets.xcassets */ = {isa = PBXFileReference; lastKnownFileType = folder.assetcatalog; path = Assets.xcassets; sourceTree = "<group>"; };
		9BCAD6861F47A08100B54526 /* Base */ = {isa = PBXFileReference; lastKnownFileType = file.storyboard; name = Base; path = Base.lproj/LaunchScreen.storyboard; sourceTree = "<group>"; };
		9BCAD6881F47A08100B54526 /* Info.plist */ = {isa = PBXFileReference; lastKnownFileType = text.plist.xml; path = Info.plist; sourceTree = "<group>"; };
		9BE697CD1F4874C20048D68D /* MacMagazineTests.xctest */ = {isa = PBXFileReference; explicitFileType = wrapper.cfbundle; includeInIndex = 0; path = MacMagazineTests.xctest; sourceTree = BUILT_PRODUCTS_DIR; };
		9BE697D11F4874C20048D68D /* Info.plist */ = {isa = PBXFileReference; lastKnownFileType = text.plist.xml; path = Info.plist; sourceTree = "<group>"; };
		9BE697DD1F487EEF0048D68D /* PostsTests.swift */ = {isa = PBXFileReference; fileEncoding = 4; lastKnownFileType = sourcecode.swift; path = PostsTests.swift; sourceTree = "<group>"; };
		9BF356271F6208F70081BE90 /* UIColor+HexColor.swift */ = {isa = PBXFileReference; fileEncoding = 4; lastKnownFileType = sourcecode.swift; path = "UIColor+HexColor.swift"; sourceTree = "<group>"; };
/* End PBXFileReference section */

/* Begin PBXFrameworksBuildPhase section */
		9BCAD6741F47A08100B54526 /* Frameworks */ = {
			isa = PBXFrameworksBuildPhase;
			buildActionMask = 2147483647;
			files = (
			);
			runOnlyForDeploymentPostprocessing = 0;
		};
		9BE697CA1F4874C20048D68D /* Frameworks */ = {
			isa = PBXFrameworksBuildPhase;
			buildActionMask = 2147483647;
			files = (
			);
			runOnlyForDeploymentPostprocessing = 0;
		};
/* End PBXFrameworksBuildPhase section */

/* Begin PBXGroup section */
		9B02AE4D1F5C515A00EA1A6F /* Tools */ = {
			isa = PBXGroup;
			children = (
				9B02AE4B1F5C515400EA1A6F /* LazyImage.swift */,
				9B02AE4F1F5C7BD800EA1A6F /* Constants.swift */,
				9BF356271F6208F70081BE90 /* UIColor+HexColor.swift */,
			);
			name = Tools;
			sourceTree = "<group>";
		};
		9B578C2E1F47A2A40086C6A7 /* Resources */ = {
			isa = PBXGroup;
			children = (
				9BCAD6881F47A08100B54526 /* Info.plist */,
				9BCAD6831F47A08100B54526 /* Assets.xcassets */,
				9BCAD6851F47A08100B54526 /* LaunchScreen.storyboard */,
				9BCAD6801F47A08100B54526 /* Main.storyboard */,
			);
			name = Resources;
			sourceTree = "<group>";
		};
		9BABAC271F618F2F0052063A /* Database */ = {
			isa = PBXGroup;
			children = (
				9BABAC2A1F618F810052063A /* macmagazine.xcdatamodeld */,
				9BABAC281F618F4A0052063A /* DataController.swift */,
				9BABAC2D1F6190620052063A /* Post.swift */,
			);
			name = Database;
			sourceTree = "<group>";
		};
		9BC9B12F1F5C96A500C4DF17 /* Cells */ = {
			isa = PBXGroup;
			children = (
				9BC9B12D1F5C960700C4DF17 /* postCell.swift */,
			);
			name = Cells;
			sourceTree = "<group>";
		};
		9BCAD66E1F47A08100B54526 = {
			isa = PBXGroup;
			children = (
				9BCAD6791F47A08100B54526 /* MacMagazine */,
				9BE697CE1F4874C20048D68D /* MacMagazineTests */,
				9BCAD6781F47A08100B54526 /* Products */,
			);
			sourceTree = "<group>";
		};
		9BCAD6781F47A08100B54526 /* Products */ = {
			isa = PBXGroup;
			children = (
				9BCAD6771F47A08100B54526 /* MacMagazine.app */,
				9BE697CD1F4874C20048D68D /* MacMagazineTests.xctest */,
			);
			name = Products;
			sourceTree = "<group>";
		};
		9BCAD6791F47A08100B54526 /* MacMagazine */ = {
			isa = PBXGroup;
			children = (
				9BE697DC1F487DF70048D68D /* 3rd Party */,
				9BABAC271F618F2F0052063A /* Database */,
				9B578C2E1F47A2A40086C6A7 /* Resources */,
				9BE697DA1F487DAB0048D68D /* Comum */,
				9BE697D71F487D5A0048D68D /* Posts */,
				9BE697D81F487D610048D68D /* NoAr */,
				9BE697D91F487D660048D68D /* Ajustes */,
			);
			path = MacMagazine;
			sourceTree = "<group>";
		};
		9BE697CE1F4874C20048D68D /* MacMagazineTests */ = {
			isa = PBXGroup;
			children = (
				9BE697D11F4874C20048D68D /* Info.plist */,
				9BE697DD1F487EEF0048D68D /* PostsTests.swift */,
			);
			path = MacMagazineTests;
			sourceTree = "<group>";
		};
		9BE697D71F487D5A0048D68D /* Posts */ = {
			isa = PBXGroup;
			children = (
				9BC9B12F1F5C96A500C4DF17 /* Cells */,
				9BCAD67C1F47A08100B54526 /* PostsMasterViewController.swift */,
				9BCAD67E1F47A08100B54526 /* PostsDetailViewController.swift */,
			);
			name = Posts;
			sourceTree = "<group>";
		};
		9BE697D81F487D610048D68D /* NoAr */ = {
			isa = PBXGroup;
			children = (
			);
			name = NoAr;
			sourceTree = "<group>";
		};
		9BE697D91F487D660048D68D /* Ajustes */ = {
			isa = PBXGroup;
			children = (
			);
			name = Ajustes;
			sourceTree = "<group>";
		};
		9BE697DA1F487DAB0048D68D /* Comum */ = {
			isa = PBXGroup;
			children = (
				9B02AE4D1F5C515A00EA1A6F /* Tools */,
				9BE697DB1F487DBA0048D68D /* Models */,
				9BCAD67A1F47A08100B54526 /* AppDelegate.swift */,
			);
			name = Comum;
			sourceTree = "<group>";
		};
		9BE697DB1F487DBA0048D68D /* Models */ = {
			isa = PBXGroup;
			children = (
				9B02AE491F5C507000EA1A6F /* Network.swift */,
			);
			name = Models;
			sourceTree = "<group>";
		};
		9BE697DC1F487DF70048D68D /* 3rd Party */ = {
			isa = PBXGroup;
			children = (
			);
			name = "3rd Party";
			sourceTree = "<group>";
		};
/* End PBXGroup section */

/* Begin PBXNativeTarget section */
		9BCAD6761F47A08100B54526 /* MacMagazine */ = {
			isa = PBXNativeTarget;
			buildConfigurationList = 9BCAD68B1F47A08100B54526 /* Build configuration list for PBXNativeTarget "MacMagazine" */;
			buildPhases = (
				9B578C2D1F47A1D00086C6A7 /* ShellScript */,
				9BCAD6731F47A08100B54526 /* Sources */,
				9BCAD6741F47A08100B54526 /* Frameworks */,
				9BCAD6751F47A08100B54526 /* Resources */,
			);
			buildRules = (
			);
			dependencies = (
			);
			name = MacMagazine;
			productName = MacMagazine;
			productReference = 9BCAD6771F47A08100B54526 /* MacMagazine.app */;
			productType = "com.apple.product-type.application";
		};
		9BE697CC1F4874C20048D68D /* MacMagazineTests */ = {
			isa = PBXNativeTarget;
			buildConfigurationList = 9BE697D61F4874C20048D68D /* Build configuration list for PBXNativeTarget "MacMagazineTests" */;
			buildPhases = (
				9BE697C91F4874C20048D68D /* Sources */,
				9BE697CA1F4874C20048D68D /* Frameworks */,
				9BE697CB1F4874C20048D68D /* Resources */,
			);
			buildRules = (
			);
			dependencies = (
				9BE697D31F4874C20048D68D /* PBXTargetDependency */,
			);
			name = MacMagazineTests;
			productName = MacMagazineTests;
			productReference = 9BE697CD1F4874C20048D68D /* MacMagazineTests.xctest */;
			productType = "com.apple.product-type.bundle.unit-test";
		};
/* End PBXNativeTarget section */

/* Begin PBXProject section */
		9BCAD66F1F47A08100B54526 /* Project object */ = {
			isa = PBXProject;
			attributes = {
				LastSwiftUpdateCheck = 0830;
				LastUpgradeCheck = 0830;
				ORGANIZATIONNAME = MacMagazine;
				TargetAttributes = {
					9BCAD6761F47A08100B54526 = {
						CreatedOnToolsVersion = 8.3.3;
						DevelopmentTeam = 7PXVC8PJ97;
						ProvisioningStyle = Automatic;
					};
					9BE697CC1F4874C20048D68D = {
						CreatedOnToolsVersion = 8.3.3;
						DevelopmentTeam = 7PXVC8PJ97;
						ProvisioningStyle = Automatic;
						TestTargetID = 9BCAD6761F47A08100B54526;
					};
				};
			};
			buildConfigurationList = 9BCAD6721F47A08100B54526 /* Build configuration list for PBXProject "MacMagazine" */;
			compatibilityVersion = "Xcode 3.2";
			developmentRegion = English;
			hasScannedForEncodings = 0;
			knownRegions = (
				en,
				Base,
			);
			mainGroup = 9BCAD66E1F47A08100B54526;
			productRefGroup = 9BCAD6781F47A08100B54526 /* Products */;
			projectDirPath = "";
			projectRoot = "";
			targets = (
				9BCAD6761F47A08100B54526 /* MacMagazine */,
				9BE697CC1F4874C20048D68D /* MacMagazineTests */,
			);
		};
/* End PBXProject section */

/* Begin PBXResourcesBuildPhase section */
		9BCAD6751F47A08100B54526 /* Resources */ = {
			isa = PBXResourcesBuildPhase;
			buildActionMask = 2147483647;
			files = (
				9BCAD6871F47A08100B54526 /* LaunchScreen.storyboard in Resources */,
				9BCAD6841F47A08100B54526 /* Assets.xcassets in Resources */,
				9BCAD6821F47A08100B54526 /* Main.storyboard in Resources */,
			);
			runOnlyForDeploymentPostprocessing = 0;
		};
		9BE697CB1F4874C20048D68D /* Resources */ = {
			isa = PBXResourcesBuildPhase;
			buildActionMask = 2147483647;
			files = (
			);
			runOnlyForDeploymentPostprocessing = 0;
		};
/* End PBXResourcesBuildPhase section */

/* Begin PBXShellScriptBuildPhase section */
		9B578C2D1F47A1D00086C6A7 /* ShellScript */ = {
			isa = PBXShellScriptBuildPhase;
			buildActionMask = 2147483647;
			files = (
			);
			inputPaths = (
			);
			outputPaths = (
			);
			runOnlyForDeploymentPostprocessing = 0;
			shellPath = /bin/sh;
			shellScript = "#!/bin/bash\nbN=$(/usr/libexec/PlistBuddy -c \"Print CFBundleVersion\" \"$INFOPLIST_FILE\")\nbN=$((bN + 1))\nbN=$(printf \"%d\" $bN)\n/usr/libexec/PlistBuddy -c \"Set :CFBundleVersion $bN\" \"$INFOPLIST_FILE\"";
		};
/* End PBXShellScriptBuildPhase section */

/* Begin PBXSourcesBuildPhase section */
		9BCAD6731F47A08100B54526 /* Sources */ = {
			isa = PBXSourcesBuildPhase;
			buildActionMask = 2147483647;
			files = (
				9BCAD67F1F47A08100B54526 /* PostsDetailViewController.swift in Sources */,
				9BCAD67D1F47A08100B54526 /* PostsMasterViewController.swift in Sources */,
				9BCAD67B1F47A08100B54526 /* AppDelegate.swift in Sources */,
				9B02AE4A1F5C507000EA1A6F /* Network.swift in Sources */,
				9BABAC291F618F4A0052063A /* DataController.swift in Sources */,
				9BABAC2C1F618F810052063A /* macmagazine.xcdatamodeld in Sources */,
				9B02AE501F5C7BD800EA1A6F /* Constants.swift in Sources */,
				9BABAC2E1F6190620052063A /* Post.swift in Sources */,
				9B02AE4C1F5C515400EA1A6F /* LazyImage.swift in Sources */,
				9BC9B12E1F5C960700C4DF17 /* postCell.swift in Sources */,
				9BF356281F6208F70081BE90 /* UIColor+HexColor.swift in Sources */,
			);
			runOnlyForDeploymentPostprocessing = 0;
		};
		9BE697C91F4874C20048D68D /* Sources */ = {
			isa = PBXSourcesBuildPhase;
			buildActionMask = 2147483647;
			files = (
				9BABAC311F61A4270052063A /* DataController.swift in Sources */,
				9BE697DE1F487EEF0048D68D /* PostsTests.swift in Sources */,
				9B02AE4E1F5C53C700EA1A6F /* Network.swift in Sources */,
				9BABAC301F619FAE0052063A /* Post.swift in Sources */,
			);
			runOnlyForDeploymentPostprocessing = 0;
		};
/* End PBXSourcesBuildPhase section */

/* Begin PBXTargetDependency section */
		9BE697D31F4874C20048D68D /* PBXTargetDependency */ = {
			isa = PBXTargetDependency;
			target = 9BCAD6761F47A08100B54526 /* MacMagazine */;
			targetProxy = 9BE697D21F4874C20048D68D /* PBXContainerItemProxy */;
		};
/* End PBXTargetDependency section */

/* Begin PBXVariantGroup section */
		9BCAD6801F47A08100B54526 /* Main.storyboard */ = {
			isa = PBXVariantGroup;
			children = (
				9BCAD6811F47A08100B54526 /* Base */,
			);
			name = Main.storyboard;
			sourceTree = "<group>";
		};
		9BCAD6851F47A08100B54526 /* LaunchScreen.storyboard */ = {
			isa = PBXVariantGroup;
			children = (
				9BCAD6861F47A08100B54526 /* Base */,
			);
			name = LaunchScreen.storyboard;
			sourceTree = "<group>";
		};
/* End PBXVariantGroup section */

/* Begin XCBuildConfiguration section */
		9BCAD6891F47A08100B54526 /* Debug */ = {
			isa = XCBuildConfiguration;
			buildSettings = {
				ALWAYS_SEARCH_USER_PATHS = NO;
				CLANG_ANALYZER_NONNULL = YES;
				CLANG_ANALYZER_NUMBER_OBJECT_CONVERSION = YES_AGGRESSIVE;
				CLANG_CXX_LANGUAGE_STANDARD = "gnu++0x";
				CLANG_CXX_LIBRARY = "libc++";
				CLANG_ENABLE_MODULES = YES;
				CLANG_ENABLE_OBJC_ARC = YES;
				CLANG_WARN_BOOL_CONVERSION = YES;
				CLANG_WARN_CONSTANT_CONVERSION = YES;
				CLANG_WARN_DIRECT_OBJC_ISA_USAGE = YES_ERROR;
				CLANG_WARN_DOCUMENTATION_COMMENTS = YES;
				CLANG_WARN_EMPTY_BODY = YES;
				CLANG_WARN_ENUM_CONVERSION = YES;
				CLANG_WARN_INFINITE_RECURSION = YES;
				CLANG_WARN_INT_CONVERSION = YES;
				CLANG_WARN_OBJC_ROOT_CLASS = YES_ERROR;
				CLANG_WARN_SUSPICIOUS_MOVE = YES;
				CLANG_WARN_UNREACHABLE_CODE = YES;
				CLANG_WARN__DUPLICATE_METHOD_MATCH = YES;
				"CODE_SIGN_IDENTITY[sdk=iphoneos*]" = "iPhone Developer";
				COPY_PHASE_STRIP = NO;
				DEBUG_INFORMATION_FORMAT = dwarf;
				ENABLE_STRICT_OBJC_MSGSEND = YES;
				ENABLE_TESTABILITY = YES;
				GCC_C_LANGUAGE_STANDARD = gnu99;
				GCC_DYNAMIC_NO_PIC = NO;
				GCC_NO_COMMON_BLOCKS = YES;
				GCC_OPTIMIZATION_LEVEL = 0;
				GCC_PREPROCESSOR_DEFINITIONS = (
					"DEBUG=1",
					"$(inherited)",
				);
				GCC_WARN_64_TO_32_BIT_CONVERSION = YES;
				GCC_WARN_ABOUT_RETURN_TYPE = YES_ERROR;
				GCC_WARN_UNDECLARED_SELECTOR = YES;
				GCC_WARN_UNINITIALIZED_AUTOS = YES_AGGRESSIVE;
				GCC_WARN_UNUSED_FUNCTION = YES;
				GCC_WARN_UNUSED_VARIABLE = YES;
				IPHONEOS_DEPLOYMENT_TARGET = 10.3;
				MTL_ENABLE_DEBUG_INFO = YES;
				ONLY_ACTIVE_ARCH = YES;
				SDKROOT = iphoneos;
				SWIFT_ACTIVE_COMPILATION_CONDITIONS = DEBUG;
				SWIFT_OPTIMIZATION_LEVEL = "-Onone";
				TARGETED_DEVICE_FAMILY = "1,2";
			};
			name = Debug;
		};
		9BCAD68A1F47A08100B54526 /* Release */ = {
			isa = XCBuildConfiguration;
			buildSettings = {
				ALWAYS_SEARCH_USER_PATHS = NO;
				CLANG_ANALYZER_NONNULL = YES;
				CLANG_ANALYZER_NUMBER_OBJECT_CONVERSION = YES_AGGRESSIVE;
				CLANG_CXX_LANGUAGE_STANDARD = "gnu++0x";
				CLANG_CXX_LIBRARY = "libc++";
				CLANG_ENABLE_MODULES = YES;
				CLANG_ENABLE_OBJC_ARC = YES;
				CLANG_WARN_BOOL_CONVERSION = YES;
				CLANG_WARN_CONSTANT_CONVERSION = YES;
				CLANG_WARN_DIRECT_OBJC_ISA_USAGE = YES_ERROR;
				CLANG_WARN_DOCUMENTATION_COMMENTS = YES;
				CLANG_WARN_EMPTY_BODY = YES;
				CLANG_WARN_ENUM_CONVERSION = YES;
				CLANG_WARN_INFINITE_RECURSION = YES;
				CLANG_WARN_INT_CONVERSION = YES;
				CLANG_WARN_OBJC_ROOT_CLASS = YES_ERROR;
				CLANG_WARN_SUSPICIOUS_MOVE = YES;
				CLANG_WARN_UNREACHABLE_CODE = YES;
				CLANG_WARN__DUPLICATE_METHOD_MATCH = YES;
				"CODE_SIGN_IDENTITY[sdk=iphoneos*]" = "iPhone Developer";
				COPY_PHASE_STRIP = NO;
				DEBUG_INFORMATION_FORMAT = "dwarf-with-dsym";
				ENABLE_NS_ASSERTIONS = NO;
				ENABLE_STRICT_OBJC_MSGSEND = YES;
				GCC_C_LANGUAGE_STANDARD = gnu99;
				GCC_NO_COMMON_BLOCKS = YES;
				GCC_WARN_64_TO_32_BIT_CONVERSION = YES;
				GCC_WARN_ABOUT_RETURN_TYPE = YES_ERROR;
				GCC_WARN_UNDECLARED_SELECTOR = YES;
				GCC_WARN_UNINITIALIZED_AUTOS = YES_AGGRESSIVE;
				GCC_WARN_UNUSED_FUNCTION = YES;
				GCC_WARN_UNUSED_VARIABLE = YES;
				IPHONEOS_DEPLOYMENT_TARGET = 10.3;
				MTL_ENABLE_DEBUG_INFO = NO;
				SDKROOT = iphoneos;
				SWIFT_OPTIMIZATION_LEVEL = "-Owholemodule";
				TARGETED_DEVICE_FAMILY = "1,2";
				VALIDATE_PRODUCT = YES;
			};
			name = Release;
		};
		9BCAD68C1F47A08100B54526 /* Debug */ = {
			isa = XCBuildConfiguration;
			buildSettings = {
				ASSETCATALOG_COMPILER_APPICON_NAME = AppIcon;
				DEVELOPMENT_TEAM = 7PXVC8PJ97;
				INFOPLIST_FILE = MacMagazine/Info.plist;
				LD_RUNPATH_SEARCH_PATHS = "$(inherited) @executable_path/Frameworks";
				PRODUCT_BUNDLE_IDENTIFIER = com.brit.macmagazine;
				PRODUCT_NAME = "$(TARGET_NAME)";
				SWIFT_VERSION = 3.0;
			};
			name = Debug;
		};
		9BCAD68D1F47A08100B54526 /* Release */ = {
			isa = XCBuildConfiguration;
			buildSettings = {
				ASSETCATALOG_COMPILER_APPICON_NAME = AppIcon;
				DEVELOPMENT_TEAM = 7PXVC8PJ97;
				INFOPLIST_FILE = MacMagazine/Info.plist;
				LD_RUNPATH_SEARCH_PATHS = "$(inherited) @executable_path/Frameworks";
				PRODUCT_BUNDLE_IDENTIFIER = com.brit.macmagazine;
				PRODUCT_NAME = "$(TARGET_NAME)";
				SWIFT_VERSION = 3.0;
			};
			name = Release;
		};
		9BE697D41F4874C20048D68D /* Debug */ = {
			isa = XCBuildConfiguration;
			buildSettings = {
				BUNDLE_LOADER = "$(TEST_HOST)";
				DEVELOPMENT_TEAM = 7PXVC8PJ97;
				INFOPLIST_FILE = MacMagazineTests/Info.plist;
				LD_RUNPATH_SEARCH_PATHS = "$(inherited) @executable_path/Frameworks @loader_path/Frameworks";
				PRODUCT_BUNDLE_IDENTIFIER = com.brit.macmagazineTests;
				PRODUCT_NAME = "$(TARGET_NAME)";
				SWIFT_VERSION = 3.0;
				TEST_HOST = "$(BUILT_PRODUCTS_DIR)/MacMagazine.app/MacMagazine";
			};
			name = Debug;
		};
		9BE697D51F4874C20048D68D /* Release */ = {
			isa = XCBuildConfiguration;
			buildSettings = {
				BUNDLE_LOADER = "$(TEST_HOST)";
				DEVELOPMENT_TEAM = 7PXVC8PJ97;
				INFOPLIST_FILE = MacMagazineTests/Info.plist;
				LD_RUNPATH_SEARCH_PATHS = "$(inherited) @executable_path/Frameworks @loader_path/Frameworks";
				PRODUCT_BUNDLE_IDENTIFIER = com.brit.macmagazineTests;
				PRODUCT_NAME = "$(TARGET_NAME)";
				SWIFT_VERSION = 3.0;
				TEST_HOST = "$(BUILT_PRODUCTS_DIR)/MacMagazine.app/MacMagazine";
			};
			name = Release;
		};
/* End XCBuildConfiguration section */

/* Begin XCConfigurationList section */
		9BCAD6721F47A08100B54526 /* Build configuration list for PBXProject "MacMagazine" */ = {
			isa = XCConfigurationList;
			buildConfigurations = (
				9BCAD6891F47A08100B54526 /* Debug */,
				9BCAD68A1F47A08100B54526 /* Release */,
			);
			defaultConfigurationIsVisible = 0;
			defaultConfigurationName = Release;
		};
		9BCAD68B1F47A08100B54526 /* Build configuration list for PBXNativeTarget "MacMagazine" */ = {
			isa = XCConfigurationList;
			buildConfigurations = (
				9BCAD68C1F47A08100B54526 /* Debug */,
				9BCAD68D1F47A08100B54526 /* Release */,
			);
			defaultConfigurationIsVisible = 0;
			defaultConfigurationName = Release;
		};
		9BE697D61F4874C20048D68D /* Build configuration list for PBXNativeTarget "MacMagazineTests" */ = {
			isa = XCConfigurationList;
			buildConfigurations = (
				9BE697D41F4874C20048D68D /* Debug */,
				9BE697D51F4874C20048D68D /* Release */,
			);
			defaultConfigurationIsVisible = 0;
			defaultConfigurationName = Release;
		};
/* End XCConfigurationList section */

/* Begin XCVersionGroup section */
		9BABAC2A1F618F810052063A /* macmagazine.xcdatamodeld */ = {
			isa = XCVersionGroup;
			children = (
				9BABAC2B1F618F810052063A /* macmagazine.xcdatamodel */,
			);
			currentVersion = 9BABAC2B1F618F810052063A /* macmagazine.xcdatamodel */;
			path = macmagazine.xcdatamodeld;
			sourceTree = "<group>";
			versionGroupType = wrapper.xcdatamodel;
		};
/* End XCVersionGroup section */
	};
	rootObject = 9BCAD66F1F47A08100B54526 /* Project object */;
}
