// !$*UTF8*$!
{
	archiveVersion = 1;
	classes = {
	};
	objectVersion = 46;
	objects = {

/* Begin PBXBuildFile section */
		054C8B71124EF96646EE6D3E /* Pods-settings-metadata.plist in Resources */ = {isa = PBXBuildFile; fileRef = 9FFB00CCA7D89F9C6F0BD3B4 /* Pods-settings-metadata.plist */; };
		31D462A65421DC59A9047AF9 /* libPods.a in Frameworks */ = {isa = PBXBuildFile; fileRef = 601BFC4C5CE12F4DD0B64BF3 /* libPods.a */; };
		C1F0D05C75017A59F9543184 /* Pods-metadata.plist in Resources */ = {isa = PBXBuildFile; fileRef = 01EF452011E64EC59FD8F549 /* Pods-metadata.plist */; };
		DB194ADA1C1E6EE600AA90D8 /* MMMMacintoshScene.m in Sources */ = {isa = PBXBuildFile; fileRef = DB194AD91C1E6EE600AA90D8 /* MMMMacintoshScene.m */; };
		DB194ADE1C1E71E100AA90D8 /* hello.atlas in Resources */ = {isa = PBXBuildFile; fileRef = DB194ADD1C1E71E100AA90D8 /* hello.atlas */; };
		ED10FFF11B5C72FF00AA902C /* GTMNSString+HTML.m in Sources */ = {isa = PBXBuildFile; fileRef = ED10FFF01B5C72FF00AA902C /* GTMNSString+HTML.m */; };
		ED11A8FB1CB03AE200B13BA4 /* _MMMPost.m in Sources */ = {isa = PBXBuildFile; fileRef = ED11A8FA1CB03AE200B13BA4 /* _MMMPost.m */; };
		ED11A8FE1CB0402E00B13BA4 /* Settings.bundle in Resources */ = {isa = PBXBuildFile; fileRef = ED11A8FD1CB0402E00B13BA4 /* Settings.bundle */; };
		ED6E96921CB07341009B3530 /* MMMTableViewCell.m in Sources */ = {isa = PBXBuildFile; fileRef = ED6E96911CB07341009B3530 /* MMMTableViewCell.m */; };
		ED6E969F1CB07869009B3530 /* MMMPresenter.m in Sources */ = {isa = PBXBuildFile; fileRef = ED6E969E1CB07869009B3530 /* MMMPresenter.m */; };
		EDA6FA1E1B3BD2D4007EE794 /* MMMPostDetailViewController.m in Sources */ = {isa = PBXBuildFile; fileRef = EDA6FA1D1B3BD2D4007EE794 /* MMMPostDetailViewController.m */; };
		EDBB4A541B2E7F8D00E1CCCA /* main.m in Sources */ = {isa = PBXBuildFile; fileRef = EDBB4A531B2E7F8D00E1CCCA /* main.m */; };
		EDBB4A571B2E7F8D00E1CCCA /* MMMAppDelegate.m in Sources */ = {isa = PBXBuildFile; fileRef = EDBB4A561B2E7F8D00E1CCCA /* MMMAppDelegate.m */; };
		EDBB4A5A1B2E7F8D00E1CCCA /* MacMagazine.xcdatamodeld in Sources */ = {isa = PBXBuildFile; fileRef = EDBB4A581B2E7F8D00E1CCCA /* MacMagazine.xcdatamodeld */; };
		EDBB4A631B2E7F8D00E1CCCA /* Main.storyboard in Resources */ = {isa = PBXBuildFile; fileRef = EDBB4A611B2E7F8D00E1CCCA /* Main.storyboard */; };
		EDBB4A651B2E7F8D00E1CCCA /* Images.xcassets in Resources */ = {isa = PBXBuildFile; fileRef = EDBB4A641B2E7F8D00E1CCCA /* Images.xcassets */; };
		EDBB4A681B2E7F8D00E1CCCA /* LaunchScreen.xib in Resources */ = {isa = PBXBuildFile; fileRef = EDBB4A661B2E7F8D00E1CCCA /* LaunchScreen.xib */; };
		EDBB4A741B2E7F8D00E1CCCA /* MacMagazineTests.m in Sources */ = {isa = PBXBuildFile; fileRef = EDBB4A731B2E7F8D00E1CCCA /* MacMagazineTests.m */; };
		EDBB4A891B2E831900E1CCCA /* MMMPost.m in Sources */ = {isa = PBXBuildFile; fileRef = EDBB4A881B2E831900E1CCCA /* MMMPost.m */; };
		EDFA9DA91B361D1000EE213C /* SUNCoreDataStore.m in Sources */ = {isa = PBXBuildFile; fileRef = EDFA9DA81B361D1000EE213C /* SUNCoreDataStore.m */; };
		EDFA9DAC1B3625AA00EE213C /* MMMPostsTableViewController.m in Sources */ = {isa = PBXBuildFile; fileRef = EDFA9DAB1B3625AA00EE213C /* MMMPostsTableViewController.m */; };
		EDFA9DB11B36267600EE213C /* MMMPostTableViewCell.m in Sources */ = {isa = PBXBuildFile; fileRef = EDFA9DAF1B36267600EE213C /* MMMPostTableViewCell.m */; };
		EDFA9DB21B36267600EE213C /* MMMPostTableViewCell.xib in Resources */ = {isa = PBXBuildFile; fileRef = EDFA9DB01B36267600EE213C /* MMMPostTableViewCell.xib */; };
		EDFA9DB51B36297800EE213C /* NSManagedObjectContext+SUNCoreDataStoreAddons.m in Sources */ = {isa = PBXBuildFile; fileRef = EDFA9DB41B36297800EE213C /* NSManagedObjectContext+SUNCoreDataStoreAddons.m */; };
		EDFA9DB81B3629C300EE213C /* NSManagedObject+SUNCoreDataStoreAddons.m in Sources */ = {isa = PBXBuildFile; fileRef = EDFA9DB71B3629C300EE213C /* NSManagedObject+SUNCoreDataStoreAddons.m */; };
		EDFA9DBB1B362A0C00EE213C /* NSArray+SUNCoreDataStoreAddons.m in Sources */ = {isa = PBXBuildFile; fileRef = EDFA9DBA1B362A0C00EE213C /* NSArray+SUNCoreDataStoreAddons.m */; };
		EDFA9DBE1B362A1900EE213C /* NSSet+SUNCoreDataStoreAddons.m in Sources */ = {isa = PBXBuildFile; fileRef = EDFA9DBD1B362A1900EE213C /* NSSet+SUNCoreDataStoreAddons.m */; };
		EDFA9DC71B36353E00EE213C /* MMMPostPresenter.m in Sources */ = {isa = PBXBuildFile; fileRef = EDFA9DC61B36353E00EE213C /* MMMPostPresenter.m */; };
		EDFA9DCB1B3651C900EE213C /* NSString+HTMLSafe.m in Sources */ = {isa = PBXBuildFile; fileRef = EDFA9DCA1B3651C900EE213C /* NSString+HTMLSafe.m */; };
		EDFA9DDE1B37587900EE213C /* NSDate+Formatters.m in Sources */ = {isa = PBXBuildFile; fileRef = EDFA9DDD1B37587900EE213C /* NSDate+Formatters.m */; };
		EDFA9DE11B37591900EE213C /* NSDateFormatter+Addons.m in Sources */ = {isa = PBXBuildFile; fileRef = EDFA9DE01B37591900EE213C /* NSDateFormatter+Addons.m */; };
		EDFA9DE61B3782E800EE213C /* Localizable.strings in Resources */ = {isa = PBXBuildFile; fileRef = EDFA9DE81B3782E800EE213C /* Localizable.strings */; };
		EDFA9DEC1B37844F00EE213C /* MMMFeaturedPostTableViewCell.m in Sources */ = {isa = PBXBuildFile; fileRef = EDFA9DEA1B37844F00EE213C /* MMMFeaturedPostTableViewCell.m */; };
		EDFA9DED1B37844F00EE213C /* MMMFeaturedPostTableViewCell.xib in Resources */ = {isa = PBXBuildFile; fileRef = EDFA9DEB1B37844F00EE213C /* MMMFeaturedPostTableViewCell.xib */; };
		EDFA9DF11B378C7A00EE213C /* MMMLabel.m in Sources */ = {isa = PBXBuildFile; fileRef = EDFA9DF01B378C7A00EE213C /* MMMLabel.m */; };
		EDFA9E081B37932000EE213C /* SF-UI-Display-Black.otf in Resources */ = {isa = PBXBuildFile; fileRef = EDFA9DF31B37932000EE213C /* SF-UI-Display-Black.otf */; };
		EDFA9E091B37932000EE213C /* SF-UI-Display-Bold.otf in Resources */ = {isa = PBXBuildFile; fileRef = EDFA9DF41B37932000EE213C /* SF-UI-Display-Bold.otf */; };
		EDFA9E0A1B37932000EE213C /* SF-UI-Display-Heavy.otf in Resources */ = {isa = PBXBuildFile; fileRef = EDFA9DF51B37932000EE213C /* SF-UI-Display-Heavy.otf */; };
		EDFA9E0B1B37932000EE213C /* SF-UI-Display-Light.otf in Resources */ = {isa = PBXBuildFile; fileRef = EDFA9DF61B37932000EE213C /* SF-UI-Display-Light.otf */; };
		EDFA9E0C1B37932000EE213C /* SF-UI-Display-Medium.otf in Resources */ = {isa = PBXBuildFile; fileRef = EDFA9DF71B37932000EE213C /* SF-UI-Display-Medium.otf */; };
		EDFA9E0D1B37932000EE213C /* SF-UI-Display-Regular.otf in Resources */ = {isa = PBXBuildFile; fileRef = EDFA9DF81B37932000EE213C /* SF-UI-Display-Regular.otf */; };
		EDFA9E0E1B37932000EE213C /* SF-UI-Display-Semibold.otf in Resources */ = {isa = PBXBuildFile; fileRef = EDFA9DF91B37932000EE213C /* SF-UI-Display-Semibold.otf */; };
		EDFA9E0F1B37932000EE213C /* SF-UI-Display-Thin.otf in Resources */ = {isa = PBXBuildFile; fileRef = EDFA9DFA1B37932000EE213C /* SF-UI-Display-Thin.otf */; };
		EDFA9E101B37932000EE213C /* SF-UI-Display-Ultralight.otf in Resources */ = {isa = PBXBuildFile; fileRef = EDFA9DFB1B37932000EE213C /* SF-UI-Display-Ultralight.otf */; };
		EDFA9E111B37932000EE213C /* SF-UI-Text-Bold.otf in Resources */ = {isa = PBXBuildFile; fileRef = EDFA9DFC1B37932000EE213C /* SF-UI-Text-Bold.otf */; };
		EDFA9E121B37932000EE213C /* SF-UI-Text-BoldItalic.otf in Resources */ = {isa = PBXBuildFile; fileRef = EDFA9DFD1B37932000EE213C /* SF-UI-Text-BoldItalic.otf */; };
		EDFA9E131B37932000EE213C /* SF-UI-Text-Heavy.otf in Resources */ = {isa = PBXBuildFile; fileRef = EDFA9DFE1B37932000EE213C /* SF-UI-Text-Heavy.otf */; };
		EDFA9E141B37932000EE213C /* SF-UI-Text-HeavyItalic.otf in Resources */ = {isa = PBXBuildFile; fileRef = EDFA9DFF1B37932000EE213C /* SF-UI-Text-HeavyItalic.otf */; };
		EDFA9E151B37932000EE213C /* SF-UI-Text-Italic.otf in Resources */ = {isa = PBXBuildFile; fileRef = EDFA9E001B37932000EE213C /* SF-UI-Text-Italic.otf */; };
		EDFA9E161B37932000EE213C /* SF-UI-Text-Light.otf in Resources */ = {isa = PBXBuildFile; fileRef = EDFA9E011B37932000EE213C /* SF-UI-Text-Light.otf */; };
		EDFA9E171B37932000EE213C /* SF-UI-Text-LightItalic.otf in Resources */ = {isa = PBXBuildFile; fileRef = EDFA9E021B37932000EE213C /* SF-UI-Text-LightItalic.otf */; };
		EDFA9E181B37932000EE213C /* SF-UI-Text-Medium.otf in Resources */ = {isa = PBXBuildFile; fileRef = EDFA9E031B37932000EE213C /* SF-UI-Text-Medium.otf */; };
		EDFA9E191B37932000EE213C /* SF-UI-Text-MediumItalic.otf in Resources */ = {isa = PBXBuildFile; fileRef = EDFA9E041B37932000EE213C /* SF-UI-Text-MediumItalic.otf */; };
		EDFA9E1A1B37932000EE213C /* SF-UI-Text-Regular.otf in Resources */ = {isa = PBXBuildFile; fileRef = EDFA9E051B37932000EE213C /* SF-UI-Text-Regular.otf */; };
		EDFA9E1B1B37932000EE213C /* SF-UI-Text-Semibold.otf in Resources */ = {isa = PBXBuildFile; fileRef = EDFA9E061B37932000EE213C /* SF-UI-Text-Semibold.otf */; };
		EDFA9E1C1B37932000EE213C /* SF-UI-Text-SemiboldItalic.otf in Resources */ = {isa = PBXBuildFile; fileRef = EDFA9E071B37932000EE213C /* SF-UI-Text-SemiboldItalic.otf */; };
		EDFA9E201B379B0800EE213C /* MMMTableViewHeaderView.m in Sources */ = {isa = PBXBuildFile; fileRef = EDFA9E1F1B379B0800EE213C /* MMMTableViewHeaderView.m */; };
/* End PBXBuildFile section */

/* Begin PBXContainerItemProxy section */
		EDBB4A6E1B2E7F8D00E1CCCA /* PBXContainerItemProxy */ = {
			isa = PBXContainerItemProxy;
			containerPortal = EDBB4A461B2E7F8D00E1CCCA /* Project object */;
			proxyType = 1;
			remoteGlobalIDString = EDBB4A4D1B2E7F8D00E1CCCA;
			remoteInfo = MacMagazine;
		};
/* End PBXContainerItemProxy section */

/* Begin PBXFileReference section */
		01EF452011E64EC59FD8F549 /* Pods-metadata.plist */ = {isa = PBXFileReference; includeInIndex = 1; lastKnownFileType = text.plist.xml; name = "Pods-metadata.plist"; path = "Pods/Pods-metadata.plist"; sourceTree = "<group>"; };
		21DB65787D3E922FF090D828 /* Pods.release.xcconfig */ = {isa = PBXFileReference; includeInIndex = 1; lastKnownFileType = text.xcconfig; name = Pods.release.xcconfig; path = "Pods/Target Support Files/Pods/Pods.release.xcconfig"; sourceTree = "<group>"; };
		601BFC4C5CE12F4DD0B64BF3 /* libPods.a */ = {isa = PBXFileReference; explicitFileType = archive.ar; includeInIndex = 0; path = libPods.a; sourceTree = BUILT_PRODUCTS_DIR; };
		9FFB00CCA7D89F9C6F0BD3B4 /* Pods-settings-metadata.plist */ = {isa = PBXFileReference; includeInIndex = 1; lastKnownFileType = text.plist.xml; name = "Pods-settings-metadata.plist"; path = "MacMagazine/Supporting Files/Settings.bundle/Pods-settings-metadata.plist"; sourceTree = "<group>"; };
		AC69FA4FFB2E13CEACB607CC /* Pods.debug.xcconfig */ = {isa = PBXFileReference; includeInIndex = 1; lastKnownFileType = text.xcconfig; name = Pods.debug.xcconfig; path = "Pods/Target Support Files/Pods/Pods.debug.xcconfig"; sourceTree = "<group>"; };
		DB194AD81C1E6EE600AA90D8 /* MMMMacintoshScene.h */ = {isa = PBXFileReference; fileEncoding = 4; lastKnownFileType = sourcecode.c.h; path = MMMMacintoshScene.h; sourceTree = "<group>"; };
		DB194AD91C1E6EE600AA90D8 /* MMMMacintoshScene.m */ = {isa = PBXFileReference; fileEncoding = 4; lastKnownFileType = sourcecode.c.objc; path = MMMMacintoshScene.m; sourceTree = "<group>"; };
		DB194ADD1C1E71E100AA90D8 /* hello.atlas */ = {isa = PBXFileReference; lastKnownFileType = folder.skatlas; path = hello.atlas; sourceTree = "<group>"; };
		ED10FFEE1B5C72FF00AA902C /* GTMDefines.h */ = {isa = PBXFileReference; fileEncoding = 4; lastKnownFileType = sourcecode.c.h; path = GTMDefines.h; sourceTree = "<group>"; };
		ED10FFEF1B5C72FF00AA902C /* GTMNSString+HTML.h */ = {isa = PBXFileReference; fileEncoding = 4; lastKnownFileType = sourcecode.c.h; path = "GTMNSString+HTML.h"; sourceTree = "<group>"; };
		ED10FFF01B5C72FF00AA902C /* GTMNSString+HTML.m */ = {isa = PBXFileReference; fileEncoding = 4; lastKnownFileType = sourcecode.c.objc; path = "GTMNSString+HTML.m"; sourceTree = "<group>"; };
		ED11A8F91CB03AE200B13BA4 /* _MMMPost.h */ = {isa = PBXFileReference; fileEncoding = 4; lastKnownFileType = sourcecode.c.h; path = _MMMPost.h; sourceTree = "<group>"; };
		ED11A8FA1CB03AE200B13BA4 /* _MMMPost.m */ = {isa = PBXFileReference; fileEncoding = 4; lastKnownFileType = sourcecode.c.objc; path = _MMMPost.m; sourceTree = "<group>"; };
		ED11A8FD1CB0402E00B13BA4 /* Settings.bundle */ = {isa = PBXFileReference; lastKnownFileType = "wrapper.plug-in"; path = Settings.bundle; sourceTree = "<group>"; };
		ED6E96901CB07341009B3530 /* MMMTableViewCell.h */ = {isa = PBXFileReference; fileEncoding = 4; lastKnownFileType = sourcecode.c.h; path = MMMTableViewCell.h; sourceTree = "<group>"; };
		ED6E96911CB07341009B3530 /* MMMTableViewCell.m */ = {isa = PBXFileReference; fileEncoding = 4; lastKnownFileType = sourcecode.c.objc; path = MMMTableViewCell.m; sourceTree = "<group>"; };
		ED6E969D1CB07869009B3530 /* MMMPresenter.h */ = {isa = PBXFileReference; fileEncoding = 4; lastKnownFileType = sourcecode.c.h; path = MMMPresenter.h; sourceTree = "<group>"; };
		ED6E969E1CB07869009B3530 /* MMMPresenter.m */ = {isa = PBXFileReference; fileEncoding = 4; lastKnownFileType = sourcecode.c.objc; path = MMMPresenter.m; sourceTree = "<group>"; };
		EDA6FA1C1B3BD2D4007EE794 /* MMMPostDetailViewController.h */ = {isa = PBXFileReference; fileEncoding = 4; lastKnownFileType = sourcecode.c.h; path = MMMPostDetailViewController.h; sourceTree = "<group>"; };
		EDA6FA1D1B3BD2D4007EE794 /* MMMPostDetailViewController.m */ = {isa = PBXFileReference; fileEncoding = 4; lastKnownFileType = sourcecode.c.objc; path = MMMPostDetailViewController.m; sourceTree = "<group>"; };
		EDBB4A4E1B2E7F8D00E1CCCA /* MacMagazine.app */ = {isa = PBXFileReference; explicitFileType = wrapper.application; includeInIndex = 0; path = MacMagazine.app; sourceTree = BUILT_PRODUCTS_DIR; };
		EDBB4A521B2E7F8D00E1CCCA /* Info.plist */ = {isa = PBXFileReference; lastKnownFileType = text.plist.xml; path = Info.plist; sourceTree = "<group>"; };
		EDBB4A531B2E7F8D00E1CCCA /* main.m */ = {isa = PBXFileReference; lastKnownFileType = sourcecode.c.objc; path = main.m; sourceTree = "<group>"; };
		EDBB4A551B2E7F8D00E1CCCA /* MMMAppDelegate.h */ = {isa = PBXFileReference; lastKnownFileType = sourcecode.c.h; path = MMMAppDelegate.h; sourceTree = "<group>"; };
		EDBB4A561B2E7F8D00E1CCCA /* MMMAppDelegate.m */ = {isa = PBXFileReference; lastKnownFileType = sourcecode.c.objc; path = MMMAppDelegate.m; sourceTree = "<group>"; };
		EDBB4A591B2E7F8D00E1CCCA /* MacMagazine.xcdatamodel */ = {isa = PBXFileReference; lastKnownFileType = wrapper.xcdatamodel; path = MacMagazine.xcdatamodel; sourceTree = "<group>"; };
		EDBB4A621B2E7F8D00E1CCCA /* Base */ = {isa = PBXFileReference; lastKnownFileType = file.storyboard; name = Base; path = Base.lproj/Main.storyboard; sourceTree = "<group>"; };
		EDBB4A641B2E7F8D00E1CCCA /* Images.xcassets */ = {isa = PBXFileReference; lastKnownFileType = folder.assetcatalog; path = Images.xcassets; sourceTree = "<group>"; };
		EDBB4A671B2E7F8D00E1CCCA /* Base */ = {isa = PBXFileReference; lastKnownFileType = file.xib; name = Base; path = Base.lproj/LaunchScreen.xib; sourceTree = "<group>"; };
		EDBB4A6D1B2E7F8D00E1CCCA /* MacMagazineTests.xctest */ = {isa = PBXFileReference; explicitFileType = wrapper.cfbundle; includeInIndex = 0; path = MacMagazineTests.xctest; sourceTree = BUILT_PRODUCTS_DIR; };
		EDBB4A721B2E7F8D00E1CCCA /* Info.plist */ = {isa = PBXFileReference; lastKnownFileType = text.plist.xml; path = Info.plist; sourceTree = "<group>"; };
		EDBB4A731B2E7F8D00E1CCCA /* MacMagazineTests.m */ = {isa = PBXFileReference; lastKnownFileType = sourcecode.c.objc; path = MacMagazineTests.m; sourceTree = "<group>"; };
		EDBB4A871B2E831900E1CCCA /* MMMPost.h */ = {isa = PBXFileReference; fileEncoding = 4; lastKnownFileType = sourcecode.c.h; path = MMMPost.h; sourceTree = "<group>"; };
		EDBB4A881B2E831900E1CCCA /* MMMPost.m */ = {isa = PBXFileReference; fileEncoding = 4; lastKnownFileType = sourcecode.c.objc; path = MMMPost.m; sourceTree = "<group>"; };
		EDFA9DA71B361D1000EE213C /* SUNCoreDataStore.h */ = {isa = PBXFileReference; fileEncoding = 4; lastKnownFileType = sourcecode.c.h; path = SUNCoreDataStore.h; sourceTree = "<group>"; };
		EDFA9DA81B361D1000EE213C /* SUNCoreDataStore.m */ = {isa = PBXFileReference; fileEncoding = 4; lastKnownFileType = sourcecode.c.objc; path = SUNCoreDataStore.m; sourceTree = "<group>"; };
		EDFA9DAA1B3625AA00EE213C /* MMMPostsTableViewController.h */ = {isa = PBXFileReference; fileEncoding = 4; lastKnownFileType = sourcecode.c.h; path = MMMPostsTableViewController.h; sourceTree = "<group>"; };
		EDFA9DAB1B3625AA00EE213C /* MMMPostsTableViewController.m */ = {isa = PBXFileReference; fileEncoding = 4; lastKnownFileType = sourcecode.c.objc; path = MMMPostsTableViewController.m; sourceTree = "<group>"; };
		EDFA9DAE1B36267600EE213C /* MMMPostTableViewCell.h */ = {isa = PBXFileReference; fileEncoding = 4; lastKnownFileType = sourcecode.c.h; path = MMMPostTableViewCell.h; sourceTree = "<group>"; };
		EDFA9DAF1B36267600EE213C /* MMMPostTableViewCell.m */ = {isa = PBXFileReference; fileEncoding = 4; lastKnownFileType = sourcecode.c.objc; path = MMMPostTableViewCell.m; sourceTree = "<group>"; };
		EDFA9DB01B36267600EE213C /* MMMPostTableViewCell.xib */ = {isa = PBXFileReference; fileEncoding = 4; lastKnownFileType = file.xib; path = MMMPostTableViewCell.xib; sourceTree = "<group>"; };
		EDFA9DB31B36297800EE213C /* NSManagedObjectContext+SUNCoreDataStoreAddons.h */ = {isa = PBXFileReference; fileEncoding = 4; lastKnownFileType = sourcecode.c.h; path = "NSManagedObjectContext+SUNCoreDataStoreAddons.h"; sourceTree = "<group>"; };
		EDFA9DB41B36297800EE213C /* NSManagedObjectContext+SUNCoreDataStoreAddons.m */ = {isa = PBXFileReference; fileEncoding = 4; lastKnownFileType = sourcecode.c.objc; path = "NSManagedObjectContext+SUNCoreDataStoreAddons.m"; sourceTree = "<group>"; };
		EDFA9DB61B3629C300EE213C /* NSManagedObject+SUNCoreDataStoreAddons.h */ = {isa = PBXFileReference; fileEncoding = 4; lastKnownFileType = sourcecode.c.h; path = "NSManagedObject+SUNCoreDataStoreAddons.h"; sourceTree = "<group>"; };
		EDFA9DB71B3629C300EE213C /* NSManagedObject+SUNCoreDataStoreAddons.m */ = {isa = PBXFileReference; fileEncoding = 4; lastKnownFileType = sourcecode.c.objc; path = "NSManagedObject+SUNCoreDataStoreAddons.m"; sourceTree = "<group>"; };
		EDFA9DB91B362A0C00EE213C /* NSArray+SUNCoreDataStoreAddons.h */ = {isa = PBXFileReference; fileEncoding = 4; lastKnownFileType = sourcecode.c.h; path = "NSArray+SUNCoreDataStoreAddons.h"; sourceTree = "<group>"; };
		EDFA9DBA1B362A0C00EE213C /* NSArray+SUNCoreDataStoreAddons.m */ = {isa = PBXFileReference; fileEncoding = 4; lastKnownFileType = sourcecode.c.objc; path = "NSArray+SUNCoreDataStoreAddons.m"; sourceTree = "<group>"; };
		EDFA9DBC1B362A1900EE213C /* NSSet+SUNCoreDataStoreAddons.h */ = {isa = PBXFileReference; fileEncoding = 4; lastKnownFileType = sourcecode.c.h; path = "NSSet+SUNCoreDataStoreAddons.h"; sourceTree = "<group>"; };
		EDFA9DBD1B362A1900EE213C /* NSSet+SUNCoreDataStoreAddons.m */ = {isa = PBXFileReference; fileEncoding = 4; lastKnownFileType = sourcecode.c.objc; path = "NSSet+SUNCoreDataStoreAddons.m"; sourceTree = "<group>"; };
		EDFA9DC51B36353E00EE213C /* MMMPostPresenter.h */ = {isa = PBXFileReference; fileEncoding = 4; lastKnownFileType = sourcecode.c.h; path = MMMPostPresenter.h; sourceTree = "<group>"; };
		EDFA9DC61B36353E00EE213C /* MMMPostPresenter.m */ = {isa = PBXFileReference; fileEncoding = 4; lastKnownFileType = sourcecode.c.objc; path = MMMPostPresenter.m; sourceTree = "<group>"; };
		EDFA9DC91B3651C900EE213C /* NSString+HTMLSafe.h */ = {isa = PBXFileReference; fileEncoding = 4; lastKnownFileType = sourcecode.c.h; path = "NSString+HTMLSafe.h"; sourceTree = "<group>"; };
		EDFA9DCA1B3651C900EE213C /* NSString+HTMLSafe.m */ = {isa = PBXFileReference; fileEncoding = 4; lastKnownFileType = sourcecode.c.objc; path = "NSString+HTMLSafe.m"; sourceTree = "<group>"; };
		EDFA9DDC1B37587900EE213C /* NSDate+Formatters.h */ = {isa = PBXFileReference; fileEncoding = 4; lastKnownFileType = sourcecode.c.h; path = "NSDate+Formatters.h"; sourceTree = "<group>"; };
		EDFA9DDD1B37587900EE213C /* NSDate+Formatters.m */ = {isa = PBXFileReference; fileEncoding = 4; lastKnownFileType = sourcecode.c.objc; path = "NSDate+Formatters.m"; sourceTree = "<group>"; };
		EDFA9DDF1B37591900EE213C /* NSDateFormatter+Addons.h */ = {isa = PBXFileReference; fileEncoding = 4; lastKnownFileType = sourcecode.c.h; path = "NSDateFormatter+Addons.h"; sourceTree = "<group>"; };
		EDFA9DE01B37591900EE213C /* NSDateFormatter+Addons.m */ = {isa = PBXFileReference; fileEncoding = 4; lastKnownFileType = sourcecode.c.objc; path = "NSDateFormatter+Addons.m"; sourceTree = "<group>"; };
		EDFA9DE71B3782E800EE213C /* pt */ = {isa = PBXFileReference; lastKnownFileType = text.plist.strings; name = pt; path = pt.lproj/Localizable.strings; sourceTree = "<group>"; };
		EDFA9DE91B37844F00EE213C /* MMMFeaturedPostTableViewCell.h */ = {isa = PBXFileReference; fileEncoding = 4; lastKnownFileType = sourcecode.c.h; path = MMMFeaturedPostTableViewCell.h; sourceTree = "<group>"; };
		EDFA9DEA1B37844F00EE213C /* MMMFeaturedPostTableViewCell.m */ = {isa = PBXFileReference; fileEncoding = 4; lastKnownFileType = sourcecode.c.objc; path = MMMFeaturedPostTableViewCell.m; sourceTree = "<group>"; };
		EDFA9DEB1B37844F00EE213C /* MMMFeaturedPostTableViewCell.xib */ = {isa = PBXFileReference; fileEncoding = 4; lastKnownFileType = file.xib; path = MMMFeaturedPostTableViewCell.xib; sourceTree = "<group>"; };
		EDFA9DEF1B378C7A00EE213C /* MMMLabel.h */ = {isa = PBXFileReference; fileEncoding = 4; lastKnownFileType = sourcecode.c.h; path = MMMLabel.h; sourceTree = "<group>"; };
		EDFA9DF01B378C7A00EE213C /* MMMLabel.m */ = {isa = PBXFileReference; fileEncoding = 4; lastKnownFileType = sourcecode.c.objc; path = MMMLabel.m; sourceTree = "<group>"; };
		EDFA9DF31B37932000EE213C /* SF-UI-Display-Black.otf */ = {isa = PBXFileReference; lastKnownFileType = file; path = "SF-UI-Display-Black.otf"; sourceTree = "<group>"; };
		EDFA9DF41B37932000EE213C /* SF-UI-Display-Bold.otf */ = {isa = PBXFileReference; lastKnownFileType = file; path = "SF-UI-Display-Bold.otf"; sourceTree = "<group>"; };
		EDFA9DF51B37932000EE213C /* SF-UI-Display-Heavy.otf */ = {isa = PBXFileReference; lastKnownFileType = file; path = "SF-UI-Display-Heavy.otf"; sourceTree = "<group>"; };
		EDFA9DF61B37932000EE213C /* SF-UI-Display-Light.otf */ = {isa = PBXFileReference; lastKnownFileType = file; path = "SF-UI-Display-Light.otf"; sourceTree = "<group>"; };
		EDFA9DF71B37932000EE213C /* SF-UI-Display-Medium.otf */ = {isa = PBXFileReference; lastKnownFileType = file; path = "SF-UI-Display-Medium.otf"; sourceTree = "<group>"; };
		EDFA9DF81B37932000EE213C /* SF-UI-Display-Regular.otf */ = {isa = PBXFileReference; lastKnownFileType = file; path = "SF-UI-Display-Regular.otf"; sourceTree = "<group>"; };
		EDFA9DF91B37932000EE213C /* SF-UI-Display-Semibold.otf */ = {isa = PBXFileReference; lastKnownFileType = file; path = "SF-UI-Display-Semibold.otf"; sourceTree = "<group>"; };
		EDFA9DFA1B37932000EE213C /* SF-UI-Display-Thin.otf */ = {isa = PBXFileReference; lastKnownFileType = file; path = "SF-UI-Display-Thin.otf"; sourceTree = "<group>"; };
		EDFA9DFB1B37932000EE213C /* SF-UI-Display-Ultralight.otf */ = {isa = PBXFileReference; lastKnownFileType = file; path = "SF-UI-Display-Ultralight.otf"; sourceTree = "<group>"; };
		EDFA9DFC1B37932000EE213C /* SF-UI-Text-Bold.otf */ = {isa = PBXFileReference; lastKnownFileType = file; path = "SF-UI-Text-Bold.otf"; sourceTree = "<group>"; };
		EDFA9DFD1B37932000EE213C /* SF-UI-Text-BoldItalic.otf */ = {isa = PBXFileReference; lastKnownFileType = file; path = "SF-UI-Text-BoldItalic.otf"; sourceTree = "<group>"; };
		EDFA9DFE1B37932000EE213C /* SF-UI-Text-Heavy.otf */ = {isa = PBXFileReference; lastKnownFileType = file; path = "SF-UI-Text-Heavy.otf"; sourceTree = "<group>"; };
		EDFA9DFF1B37932000EE213C /* SF-UI-Text-HeavyItalic.otf */ = {isa = PBXFileReference; lastKnownFileType = file; path = "SF-UI-Text-HeavyItalic.otf"; sourceTree = "<group>"; };
		EDFA9E001B37932000EE213C /* SF-UI-Text-Italic.otf */ = {isa = PBXFileReference; lastKnownFileType = file; path = "SF-UI-Text-Italic.otf"; sourceTree = "<group>"; };
		EDFA9E011B37932000EE213C /* SF-UI-Text-Light.otf */ = {isa = PBXFileReference; lastKnownFileType = file; path = "SF-UI-Text-Light.otf"; sourceTree = "<group>"; };
		EDFA9E021B37932000EE213C /* SF-UI-Text-LightItalic.otf */ = {isa = PBXFileReference; lastKnownFileType = file; path = "SF-UI-Text-LightItalic.otf"; sourceTree = "<group>"; };
		EDFA9E031B37932000EE213C /* SF-UI-Text-Medium.otf */ = {isa = PBXFileReference; lastKnownFileType = file; path = "SF-UI-Text-Medium.otf"; sourceTree = "<group>"; };
		EDFA9E041B37932000EE213C /* SF-UI-Text-MediumItalic.otf */ = {isa = PBXFileReference; lastKnownFileType = file; path = "SF-UI-Text-MediumItalic.otf"; sourceTree = "<group>"; };
		EDFA9E051B37932000EE213C /* SF-UI-Text-Regular.otf */ = {isa = PBXFileReference; lastKnownFileType = file; path = "SF-UI-Text-Regular.otf"; sourceTree = "<group>"; };
		EDFA9E061B37932000EE213C /* SF-UI-Text-Semibold.otf */ = {isa = PBXFileReference; lastKnownFileType = file; path = "SF-UI-Text-Semibold.otf"; sourceTree = "<group>"; };
		EDFA9E071B37932000EE213C /* SF-UI-Text-SemiboldItalic.otf */ = {isa = PBXFileReference; lastKnownFileType = file; path = "SF-UI-Text-SemiboldItalic.otf"; sourceTree = "<group>"; };
		EDFA9E1E1B379B0800EE213C /* MMMTableViewHeaderView.h */ = {isa = PBXFileReference; fileEncoding = 4; lastKnownFileType = sourcecode.c.h; path = MMMTableViewHeaderView.h; sourceTree = "<group>"; };
		EDFA9E1F1B379B0800EE213C /* MMMTableViewHeaderView.m */ = {isa = PBXFileReference; fileEncoding = 4; lastKnownFileType = sourcecode.c.objc; path = MMMTableViewHeaderView.m; sourceTree = "<group>"; };
/* End PBXFileReference section */

/* Begin PBXFrameworksBuildPhase section */
		EDBB4A4B1B2E7F8D00E1CCCA /* Frameworks */ = {
			isa = PBXFrameworksBuildPhase;
			buildActionMask = 2147483647;
			files = (
				31D462A65421DC59A9047AF9 /* libPods.a in Frameworks */,
			);
			runOnlyForDeploymentPostprocessing = 0;
		};
		EDBB4A6A1B2E7F8D00E1CCCA /* Frameworks */ = {
			isa = PBXFrameworksBuildPhase;
			buildActionMask = 2147483647;
			files = (
			);
			runOnlyForDeploymentPostprocessing = 0;
		};
/* End PBXFrameworksBuildPhase section */

/* Begin PBXGroup section */
		89ACD3CA3A35E1F724A142BE /* Frameworks */ = {
			isa = PBXGroup;
			children = (
				601BFC4C5CE12F4DD0B64BF3 /* libPods.a */,
			);
			name = Frameworks;
			sourceTree = "<group>";
		};
		ABB28A460E53AF01B246FD8C /* Pods */ = {
			isa = PBXGroup;
			children = (
				AC69FA4FFB2E13CEACB607CC /* Pods.debug.xcconfig */,
				21DB65787D3E922FF090D828 /* Pods.release.xcconfig */,
				01EF452011E64EC59FD8F549 /* Pods-metadata.plist */,
				9FFB00CCA7D89F9C6F0BD3B4 /* Pods-settings-metadata.plist */,
			);
			name = Pods;
			sourceTree = "<group>";
		};
		DB194AD71C1E6EC600AA90D8 /* Animations */ = {
			isa = PBXGroup;
			children = (
				DB194AD81C1E6EE600AA90D8 /* MMMMacintoshScene.h */,
				DB194AD91C1E6EE600AA90D8 /* MMMMacintoshScene.m */,
				DB194ADD1C1E71E100AA90D8 /* hello.atlas */,
			);
			path = Animations;
			sourceTree = "<group>";
		};
		ED10FFED1B5C72FF00AA902C /* GTMDefines */ = {
			isa = PBXGroup;
			children = (
				ED10FFEE1B5C72FF00AA902C /* GTMDefines.h */,
				ED10FFEF1B5C72FF00AA902C /* GTMNSString+HTML.h */,
				ED10FFF01B5C72FF00AA902C /* GTMNSString+HTML.m */,
			);
			path = GTMDefines;
			sourceTree = "<group>";
		};
		ED11A8FC1CB03C1A00B13BA4 /* Interface */ = {
			isa = PBXGroup;
			children = (
				EDBB4A661B2E7F8D00E1CCCA /* LaunchScreen.xib */,
				EDBB4A611B2E7F8D00E1CCCA /* Main.storyboard */,
			);
			path = Interface;
			sourceTree = "<group>";
		};
		EDBB4A451B2E7F8D00E1CCCA = {
			isa = PBXGroup;
			children = (
				89ACD3CA3A35E1F724A142BE /* Frameworks */,
				EDBB4A501B2E7F8D00E1CCCA /* MacMagazine */,
				EDBB4A701B2E7F8D00E1CCCA /* MacMagazineTests */,
				ABB28A460E53AF01B246FD8C /* Pods */,
				EDBB4A4F1B2E7F8D00E1CCCA /* Products */,
			);
			sourceTree = "<group>";
		};
		EDBB4A4F1B2E7F8D00E1CCCA /* Products */ = {
			isa = PBXGroup;
			children = (
				EDBB4A4E1B2E7F8D00E1CCCA /* MacMagazine.app */,
				EDBB4A6D1B2E7F8D00E1CCCA /* MacMagazineTests.xctest */,
			);
			name = Products;
			sourceTree = "<group>";
		};
		EDBB4A501B2E7F8D00E1CCCA /* MacMagazine */ = {
			isa = PBXGroup;
			children = (
				EDFA9DC81B3651BD00EE213C /* Categories */,
				EDBB4A7D1B2E825400E1CCCA /* Classes */,
				ED11A8FC1CB03C1A00B13BA4 /* Interface */,
				EDBB4A511B2E7F8D00E1CCCA /* Supporting Files */,
			);
			path = MacMagazine;
			sourceTree = "<group>";
		};
		EDBB4A511B2E7F8D00E1CCCA /* Supporting Files */ = {
			isa = PBXGroup;
			children = (
				EDFA9DF21B37931400EE213C /* Fonts */,
				EDBB4A641B2E7F8D00E1CCCA /* Images.xcassets */,
				EDBB4A521B2E7F8D00E1CCCA /* Info.plist */,
				EDFA9DE81B3782E800EE213C /* Localizable.strings */,
				ED11A8FD1CB0402E00B13BA4 /* Settings.bundle */,
				EDBB4A531B2E7F8D00E1CCCA /* main.m */,
			);
			path = "Supporting Files";
			sourceTree = "<group>";
		};
		EDBB4A701B2E7F8D00E1CCCA /* MacMagazineTests */ = {
			isa = PBXGroup;
			children = (
				EDBB4A711B2E7F8D00E1CCCA /* Supporting Files */,
				EDBB4A731B2E7F8D00E1CCCA /* MacMagazineTests.m */,
			);
			path = MacMagazineTests;
			sourceTree = "<group>";
		};
		EDBB4A711B2E7F8D00E1CCCA /* Supporting Files */ = {
			isa = PBXGroup;
			children = (
				EDBB4A721B2E7F8D00E1CCCA /* Info.plist */,
			);
			path = "Supporting Files";
			sourceTree = "<group>";
		};
		EDBB4A7D1B2E825400E1CCCA /* Classes */ = {
			isa = PBXGroup;
			children = (
				DB194AD71C1E6EC600AA90D8 /* Animations */,
				EDBB4A7E1B2E825B00E1CCCA /* App Delegate */,
				EDFA9DAD1B36265F00EE213C /* Cells */,
				EDFA9DA61B361CF200EE213C /* Core Data */,
				EDBB4A801B2E829300E1CCCA /* Models */,
				EDFA9DC41B36352600EE213C /* Presenters */,
				EDBB4A7F1B2E826900E1CCCA /* View Controllers */,
				EDFA9E1D1B379AF600EE213C /* Views */,
			);
			path = Classes;
			sourceTree = "<group>";
		};
		EDBB4A7E1B2E825B00E1CCCA /* App Delegate */ = {
			isa = PBXGroup;
			children = (
				EDBB4A551B2E7F8D00E1CCCA /* MMMAppDelegate.h */,
				EDBB4A561B2E7F8D00E1CCCA /* MMMAppDelegate.m */,
			);
			path = "App Delegate";
			sourceTree = "<group>";
		};
		EDBB4A7F1B2E826900E1CCCA /* View Controllers */ = {
			isa = PBXGroup;
			children = (
				EDA6FA1C1B3BD2D4007EE794 /* MMMPostDetailViewController.h */,
				EDA6FA1D1B3BD2D4007EE794 /* MMMPostDetailViewController.m */,
				EDFA9DAA1B3625AA00EE213C /* MMMPostsTableViewController.h */,
				EDFA9DAB1B3625AA00EE213C /* MMMPostsTableViewController.m */,
			);
			path = "View Controllers";
			sourceTree = "<group>";
		};
		EDBB4A801B2E829300E1CCCA /* Models */ = {
			isa = PBXGroup;
			children = (
				EDBB4A8A1B2E83EA00E1CCCA /* Machine */,
				EDBB4A871B2E831900E1CCCA /* MMMPost.h */,
				EDBB4A881B2E831900E1CCCA /* MMMPost.m */,
				EDBB4A581B2E7F8D00E1CCCA /* MacMagazine.xcdatamodeld */,
			);
			path = Models;
			sourceTree = "<group>";
		};
		EDBB4A8A1B2E83EA00E1CCCA /* Machine */ = {
			isa = PBXGroup;
			children = (
				ED11A8F91CB03AE200B13BA4 /* _MMMPost.h */,
				ED11A8FA1CB03AE200B13BA4 /* _MMMPost.m */,
			);
			path = Machine;
			sourceTree = "<group>";
		};
		EDFA9DA61B361CF200EE213C /* Core Data */ = {
			isa = PBXGroup;
			children = (
				EDFA9DBF1B362B3000EE213C /* Categories */,
				EDFA9DA71B361D1000EE213C /* SUNCoreDataStore.h */,
				EDFA9DA81B361D1000EE213C /* SUNCoreDataStore.m */,
			);
			path = "Core Data";
			sourceTree = "<group>";
		};
		EDFA9DAD1B36265F00EE213C /* Cells */ = {
			isa = PBXGroup;
			children = (
				EDFA9DE91B37844F00EE213C /* MMMFeaturedPostTableViewCell.h */,
				EDFA9DEA1B37844F00EE213C /* MMMFeaturedPostTableViewCell.m */,
				EDFA9DEB1B37844F00EE213C /* MMMFeaturedPostTableViewCell.xib */,
				EDFA9DAE1B36267600EE213C /* MMMPostTableViewCell.h */,
				EDFA9DAF1B36267600EE213C /* MMMPostTableViewCell.m */,
				EDFA9DB01B36267600EE213C /* MMMPostTableViewCell.xib */,
				ED6E96901CB07341009B3530 /* MMMTableViewCell.h */,
				ED6E96911CB07341009B3530 /* MMMTableViewCell.m */,
			);
			path = Cells;
			sourceTree = "<group>";
		};
		EDFA9DBF1B362B3000EE213C /* Categories */ = {
			isa = PBXGroup;
			children = (
				EDFA9DC01B362B3500EE213C /* NSArray */,
				EDFA9DC11B362B3F00EE213C /* NSManagedObject */,
				EDFA9DC21B362B5000EE213C /* NSManagedObjectContext */,
				EDFA9DC31B362B6B00EE213C /* NSSet */,
			);
			path = Categories;
			sourceTree = "<group>";
		};
		EDFA9DC01B362B3500EE213C /* NSArray */ = {
			isa = PBXGroup;
			children = (
				EDFA9DB91B362A0C00EE213C /* NSArray+SUNCoreDataStoreAddons.h */,
				EDFA9DBA1B362A0C00EE213C /* NSArray+SUNCoreDataStoreAddons.m */,
			);
			path = NSArray;
			sourceTree = "<group>";
		};
		EDFA9DC11B362B3F00EE213C /* NSManagedObject */ = {
			isa = PBXGroup;
			children = (
				EDFA9DB61B3629C300EE213C /* NSManagedObject+SUNCoreDataStoreAddons.h */,
				EDFA9DB71B3629C300EE213C /* NSManagedObject+SUNCoreDataStoreAddons.m */,
			);
			path = NSManagedObject;
			sourceTree = "<group>";
		};
		EDFA9DC21B362B5000EE213C /* NSManagedObjectContext */ = {
			isa = PBXGroup;
			children = (
				EDFA9DB31B36297800EE213C /* NSManagedObjectContext+SUNCoreDataStoreAddons.h */,
				EDFA9DB41B36297800EE213C /* NSManagedObjectContext+SUNCoreDataStoreAddons.m */,
			);
			path = NSManagedObjectContext;
			sourceTree = "<group>";
		};
		EDFA9DC31B362B6B00EE213C /* NSSet */ = {
			isa = PBXGroup;
			children = (
				EDFA9DBC1B362A1900EE213C /* NSSet+SUNCoreDataStoreAddons.h */,
				EDFA9DBD1B362A1900EE213C /* NSSet+SUNCoreDataStoreAddons.m */,
			);
			path = NSSet;
			sourceTree = "<group>";
		};
		EDFA9DC41B36352600EE213C /* Presenters */ = {
			isa = PBXGroup;
			children = (
				EDFA9DC51B36353E00EE213C /* MMMPostPresenter.h */,
				EDFA9DC61B36353E00EE213C /* MMMPostPresenter.m */,
				ED6E969D1CB07869009B3530 /* MMMPresenter.h */,
				ED6E969E1CB07869009B3530 /* MMMPresenter.m */,
			);
			path = Presenters;
			sourceTree = "<group>";
		};
		EDFA9DC81B3651BD00EE213C /* Categories */ = {
			isa = PBXGroup;
			children = (
				ED10FFED1B5C72FF00AA902C /* GTMDefines */,
				EDFA9DDB1B37586500EE213C /* NSDate */,
				EDFA9DD51B3651DD00EE213C /* NSString */,
			);
			path = Categories;
			sourceTree = "<group>";
		};
		EDFA9DD51B3651DD00EE213C /* NSString */ = {
			isa = PBXGroup;
			children = (
				EDFA9DC91B3651C900EE213C /* NSString+HTMLSafe.h */,
				EDFA9DCA1B3651C900EE213C /* NSString+HTMLSafe.m */,
			);
			path = NSString;
			sourceTree = "<group>";
		};
		EDFA9DDB1B37586500EE213C /* NSDate */ = {
			isa = PBXGroup;
			children = (
				EDFA9DDC1B37587900EE213C /* NSDate+Formatters.h */,
				EDFA9DDD1B37587900EE213C /* NSDate+Formatters.m */,
				EDFA9DDF1B37591900EE213C /* NSDateFormatter+Addons.h */,
				EDFA9DE01B37591900EE213C /* NSDateFormatter+Addons.m */,
			);
			path = NSDate;
			sourceTree = "<group>";
		};
		EDFA9DF21B37931400EE213C /* Fonts */ = {
			isa = PBXGroup;
			children = (
				EDFA9DF31B37932000EE213C /* SF-UI-Display-Black.otf */,
				EDFA9DF41B37932000EE213C /* SF-UI-Display-Bold.otf */,
				EDFA9DF51B37932000EE213C /* SF-UI-Display-Heavy.otf */,
				EDFA9DF61B37932000EE213C /* SF-UI-Display-Light.otf */,
				EDFA9DF71B37932000EE213C /* SF-UI-Display-Medium.otf */,
				EDFA9DF81B37932000EE213C /* SF-UI-Display-Regular.otf */,
				EDFA9DF91B37932000EE213C /* SF-UI-Display-Semibold.otf */,
				EDFA9DFA1B37932000EE213C /* SF-UI-Display-Thin.otf */,
				EDFA9DFB1B37932000EE213C /* SF-UI-Display-Ultralight.otf */,
				EDFA9DFC1B37932000EE213C /* SF-UI-Text-Bold.otf */,
				EDFA9DFD1B37932000EE213C /* SF-UI-Text-BoldItalic.otf */,
				EDFA9DFE1B37932000EE213C /* SF-UI-Text-Heavy.otf */,
				EDFA9DFF1B37932000EE213C /* SF-UI-Text-HeavyItalic.otf */,
				EDFA9E001B37932000EE213C /* SF-UI-Text-Italic.otf */,
				EDFA9E011B37932000EE213C /* SF-UI-Text-Light.otf */,
				EDFA9E021B37932000EE213C /* SF-UI-Text-LightItalic.otf */,
				EDFA9E031B37932000EE213C /* SF-UI-Text-Medium.otf */,
				EDFA9E041B37932000EE213C /* SF-UI-Text-MediumItalic.otf */,
				EDFA9E051B37932000EE213C /* SF-UI-Text-Regular.otf */,
				EDFA9E061B37932000EE213C /* SF-UI-Text-Semibold.otf */,
				EDFA9E071B37932000EE213C /* SF-UI-Text-SemiboldItalic.otf */,
			);
			path = Fonts;
			sourceTree = "<group>";
		};
		EDFA9E1D1B379AF600EE213C /* Views */ = {
			isa = PBXGroup;
			children = (
				EDFA9DEF1B378C7A00EE213C /* MMMLabel.h */,
				EDFA9DF01B378C7A00EE213C /* MMMLabel.m */,
				EDFA9E1E1B379B0800EE213C /* MMMTableViewHeaderView.h */,
				EDFA9E1F1B379B0800EE213C /* MMMTableViewHeaderView.m */,
			);
			path = Views;
			sourceTree = "<group>";
		};
/* End PBXGroup section */

/* Begin PBXNativeTarget section */
		EDBB4A4D1B2E7F8D00E1CCCA /* MacMagazine */ = {
			isa = PBXNativeTarget;
			buildConfigurationList = EDBB4A771B2E7F8D00E1CCCA /* Build configuration list for PBXNativeTarget "MacMagazine" */;
			buildPhases = (
				ED9B38811CB04B41001D2BF9 /* ShellScript */,
				3C596E23EB1EDF075D1CEC7C /* Check Pods Manifest.lock */,
				EDBB4A4A1B2E7F8D00E1CCCA /* Sources */,
				EDBB4A4B1B2E7F8D00E1CCCA /* Frameworks */,
				EDBB4A4C1B2E7F8D00E1CCCA /* Resources */,
				D9225290DA7C91A36EA30779 /* Copy Pods Resources */,
				ED95D8751B4219C700028B46 /* Updates Build Version */,
				2EB8243CB6DBA9B48FC3FA00 /* Embed Pods Frameworks */,
			);
			buildRules = (
			);
			dependencies = (
			);
			name = MacMagazine;
			productName = MacMagazine;
			productReference = EDBB4A4E1B2E7F8D00E1CCCA /* MacMagazine.app */;
			productType = "com.apple.product-type.application";
		};
		EDBB4A6C1B2E7F8D00E1CCCA /* MacMagazineTests */ = {
			isa = PBXNativeTarget;
			buildConfigurationList = EDBB4A7A1B2E7F8D00E1CCCA /* Build configuration list for PBXNativeTarget "MacMagazineTests" */;
			buildPhases = (
				EDBB4A691B2E7F8D00E1CCCA /* Sources */,
				EDBB4A6A1B2E7F8D00E1CCCA /* Frameworks */,
				EDBB4A6B1B2E7F8D00E1CCCA /* Resources */,
			);
			buildRules = (
			);
			dependencies = (
				EDBB4A6F1B2E7F8D00E1CCCA /* PBXTargetDependency */,
			);
			name = MacMagazineTests;
			productName = MacMagazineTests;
			productReference = EDBB4A6D1B2E7F8D00E1CCCA /* MacMagazineTests.xctest */;
			productType = "com.apple.product-type.bundle.unit-test";
		};
/* End PBXNativeTarget section */

/* Begin PBXProject section */
		EDBB4A461B2E7F8D00E1CCCA /* Project object */ = {
			isa = PBXProject;
			attributes = {
				LastUpgradeCheck = 0720;
				ORGANIZATIONNAME = "made@sampa";
				TargetAttributes = {
					EDBB4A4D1B2E7F8D00E1CCCA = {
						CreatedOnToolsVersion = 6.3.2;
					};
					EDBB4A6C1B2E7F8D00E1CCCA = {
						CreatedOnToolsVersion = 6.3.2;
						TestTargetID = EDBB4A4D1B2E7F8D00E1CCCA;
					};
				};
			};
			buildConfigurationList = EDBB4A491B2E7F8D00E1CCCA /* Build configuration list for PBXProject "MacMagazine" */;
			compatibilityVersion = "Xcode 3.2";
			developmentRegion = English;
			hasScannedForEncodings = 0;
			knownRegions = (
				Base,
			);
			mainGroup = EDBB4A451B2E7F8D00E1CCCA;
			productRefGroup = EDBB4A4F1B2E7F8D00E1CCCA /* Products */;
			projectDirPath = "";
			projectRoot = "";
			targets = (
				EDBB4A4D1B2E7F8D00E1CCCA /* MacMagazine */,
				EDBB4A6C1B2E7F8D00E1CCCA /* MacMagazineTests */,
			);
		};
/* End PBXProject section */

/* Begin PBXResourcesBuildPhase section */
		EDBB4A4C1B2E7F8D00E1CCCA /* Resources */ = {
			isa = PBXResourcesBuildPhase;
			buildActionMask = 2147483647;
			files = (
				EDFA9E0B1B37932000EE213C /* SF-UI-Display-Light.otf in Resources */,
				EDFA9DE61B3782E800EE213C /* Localizable.strings in Resources */,
				EDFA9E181B37932000EE213C /* SF-UI-Text-Medium.otf in Resources */,
				EDFA9E0D1B37932000EE213C /* SF-UI-Display-Regular.otf in Resources */,
				EDFA9E1B1B37932000EE213C /* SF-UI-Text-Semibold.otf in Resources */,
				EDFA9E191B37932000EE213C /* SF-UI-Text-MediumItalic.otf in Resources */,
				EDFA9E141B37932000EE213C /* SF-UI-Text-HeavyItalic.otf in Resources */,
				EDFA9E131B37932000EE213C /* SF-UI-Text-Heavy.otf in Resources */,
				EDFA9E0C1B37932000EE213C /* SF-UI-Display-Medium.otf in Resources */,
				EDBB4A631B2E7F8D00E1CCCA /* Main.storyboard in Resources */,
				DB194ADE1C1E71E100AA90D8 /* hello.atlas in Resources */,
				ED11A8FE1CB0402E00B13BA4 /* Settings.bundle in Resources */,
				EDFA9E161B37932000EE213C /* SF-UI-Text-Light.otf in Resources */,
				EDFA9E0E1B37932000EE213C /* SF-UI-Display-Semibold.otf in Resources */,
				EDFA9E1C1B37932000EE213C /* SF-UI-Text-SemiboldItalic.otf in Resources */,
				EDFA9E091B37932000EE213C /* SF-UI-Display-Bold.otf in Resources */,
				EDBB4A681B2E7F8D00E1CCCA /* LaunchScreen.xib in Resources */,
				EDFA9E0A1B37932000EE213C /* SF-UI-Display-Heavy.otf in Resources */,
				EDFA9E121B37932000EE213C /* SF-UI-Text-BoldItalic.otf in Resources */,
				EDFA9E1A1B37932000EE213C /* SF-UI-Text-Regular.otf in Resources */,
				EDBB4A651B2E7F8D00E1CCCA /* Images.xcassets in Resources */,
				EDFA9E0F1B37932000EE213C /* SF-UI-Display-Thin.otf in Resources */,
				EDFA9DB21B36267600EE213C /* MMMPostTableViewCell.xib in Resources */,
				EDFA9E171B37932000EE213C /* SF-UI-Text-LightItalic.otf in Resources */,
				EDFA9DED1B37844F00EE213C /* MMMFeaturedPostTableViewCell.xib in Resources */,
				EDFA9E101B37932000EE213C /* SF-UI-Display-Ultralight.otf in Resources */,
				EDFA9E151B37932000EE213C /* SF-UI-Text-Italic.otf in Resources */,
				EDFA9E111B37932000EE213C /* SF-UI-Text-Bold.otf in Resources */,
				EDFA9E081B37932000EE213C /* SF-UI-Display-Black.otf in Resources */,
				C1F0D05C75017A59F9543184 /* Pods-metadata.plist in Resources */,
				054C8B71124EF96646EE6D3E /* Pods-settings-metadata.plist in Resources */,
			);
			runOnlyForDeploymentPostprocessing = 0;
		};
		EDBB4A6B1B2E7F8D00E1CCCA /* Resources */ = {
			isa = PBXResourcesBuildPhase;
			buildActionMask = 2147483647;
			files = (
			);
			runOnlyForDeploymentPostprocessing = 0;
		};
/* End PBXResourcesBuildPhase section */

/* Begin PBXShellScriptBuildPhase section */
		2EB8243CB6DBA9B48FC3FA00 /* Embed Pods Frameworks */ = {
			isa = PBXShellScriptBuildPhase;
			buildActionMask = 2147483647;
			files = (
			);
			inputPaths = (
			);
			name = "Embed Pods Frameworks";
			outputPaths = (
			);
			runOnlyForDeploymentPostprocessing = 0;
			shellPath = /bin/sh;
			shellScript = "\"${SRCROOT}/Pods/Target Support Files/Pods/Pods-frameworks.sh\"\n";
			showEnvVarsInLog = 0;
		};
		3C596E23EB1EDF075D1CEC7C /* Check Pods Manifest.lock */ = {
			isa = PBXShellScriptBuildPhase;
			buildActionMask = 2147483647;
			files = (
			);
			inputPaths = (
			);
			name = "Check Pods Manifest.lock";
			outputPaths = (
			);
			runOnlyForDeploymentPostprocessing = 0;
			shellPath = /bin/sh;
			shellScript = "diff \"${PODS_ROOT}/../Podfile.lock\" \"${PODS_ROOT}/Manifest.lock\" > /dev/null\nif [[ $? != 0 ]] ; then\n    cat << EOM\nerror: The sandbox is not in sync with the Podfile.lock. Run 'pod install' or update your CocoaPods installation.\nEOM\n    exit 1\nfi\n";
			showEnvVarsInLog = 0;
		};
		D9225290DA7C91A36EA30779 /* Copy Pods Resources */ = {
			isa = PBXShellScriptBuildPhase;
			buildActionMask = 2147483647;
			files = (
			);
			inputPaths = (
			);
			name = "Copy Pods Resources";
			outputPaths = (
			);
			runOnlyForDeploymentPostprocessing = 0;
			shellPath = /bin/sh;
			shellScript = "\"${SRCROOT}/Pods/Target Support Files/Pods/Pods-resources.sh\"\n";
			showEnvVarsInLog = 0;
		};
		ED95D8751B4219C700028B46 /* Updates Build Version */ = {
			isa = PBXShellScriptBuildPhase;
			buildActionMask = 2147483647;
			files = (
			);
			inputPaths = (
			);
			name = "Updates Build Version";
			outputPaths = (
			);
			runOnlyForDeploymentPostprocessing = 0;
			shellPath = /bin/sh;
			shellScript = "# Update build version with number of commits\nBUILD_NUMBER=$(git rev-list HEAD | wc -l | tr -d ' ')\ndefaults write \"${BUILT_PRODUCTS_DIR}/${INFOPLIST_PATH%.*}\" \"CFBundleVersion\" \"${BUILD_NUMBER}\"\ndefaults write \"${BUILT_PRODUCTS_DIR}/${PRODUCT_NAME}.app.dSYM/Contents/info.plist\" \"CFBundleVersion\" \"${BUILD_NUMBER}\"";
		};
		ED9B38811CB04B41001D2BF9 /* ShellScript */ = {
			isa = PBXShellScriptBuildPhase;
			buildActionMask = 2147483647;
			files = (
			);
			inputPaths = (
			);
			outputPaths = (
			);
			runOnlyForDeploymentPostprocessing = 0;
			shellPath = /bin/sh;
			shellScript = "export LANG=en_US.UTF-8\nexport LANGUAGE=en_US.UTF-8\nexport LC_ALL=en_US.UTF-8\n\nScripts/sort_all_files_imports.sh";
		};
/* End PBXShellScriptBuildPhase section */

/* Begin PBXSourcesBuildPhase section */
		EDBB4A4A1B2E7F8D00E1CCCA /* Sources */ = {
			isa = PBXSourcesBuildPhase;
			buildActionMask = 2147483647;
			files = (
				EDBB4A5A1B2E7F8D00E1CCCA /* MacMagazine.xcdatamodeld in Sources */,
				DB194ADA1C1E6EE600AA90D8 /* MMMMacintoshScene.m in Sources */,
				EDA6FA1E1B3BD2D4007EE794 /* MMMPostDetailViewController.m in Sources */,
				EDFA9DA91B361D1000EE213C /* SUNCoreDataStore.m in Sources */,
				EDFA9DBB1B362A0C00EE213C /* NSArray+SUNCoreDataStoreAddons.m in Sources */,
				EDFA9DB51B36297800EE213C /* NSManagedObjectContext+SUNCoreDataStoreAddons.m in Sources */,
				EDFA9DCB1B3651C900EE213C /* NSString+HTMLSafe.m in Sources */,
				EDFA9DAC1B3625AA00EE213C /* MMMPostsTableViewController.m in Sources */,
				ED6E969F1CB07869009B3530 /* MMMPresenter.m in Sources */,
				EDBB4A571B2E7F8D00E1CCCA /* MMMAppDelegate.m in Sources */,
				ED11A8FB1CB03AE200B13BA4 /* _MMMPost.m in Sources */,
				EDFA9DEC1B37844F00EE213C /* MMMFeaturedPostTableViewCell.m in Sources */,
				EDFA9DB81B3629C300EE213C /* NSManagedObject+SUNCoreDataStoreAddons.m in Sources */,
				EDFA9DBE1B362A1900EE213C /* NSSet+SUNCoreDataStoreAddons.m in Sources */,
				EDFA9DE11B37591900EE213C /* NSDateFormatter+Addons.m in Sources */,
				EDBB4A541B2E7F8D00E1CCCA /* main.m in Sources */,
				EDFA9E201B379B0800EE213C /* MMMTableViewHeaderView.m in Sources */,
				EDBB4A891B2E831900E1CCCA /* MMMPost.m in Sources */,
				EDFA9DDE1B37587900EE213C /* NSDate+Formatters.m in Sources */,
				EDFA9DB11B36267600EE213C /* MMMPostTableViewCell.m in Sources */,
				ED6E96921CB07341009B3530 /* MMMTableViewCell.m in Sources */,
				EDFA9DF11B378C7A00EE213C /* MMMLabel.m in Sources */,
				EDFA9DC71B36353E00EE213C /* MMMPostPresenter.m in Sources */,
				ED10FFF11B5C72FF00AA902C /* GTMNSString+HTML.m in Sources */,
			);
			runOnlyForDeploymentPostprocessing = 0;
		};
		EDBB4A691B2E7F8D00E1CCCA /* Sources */ = {
			isa = PBXSourcesBuildPhase;
			buildActionMask = 2147483647;
			files = (
				EDBB4A741B2E7F8D00E1CCCA /* MacMagazineTests.m in Sources */,
			);
			runOnlyForDeploymentPostprocessing = 0;
		};
/* End PBXSourcesBuildPhase section */

/* Begin PBXTargetDependency section */
		EDBB4A6F1B2E7F8D00E1CCCA /* PBXTargetDependency */ = {
			isa = PBXTargetDependency;
			target = EDBB4A4D1B2E7F8D00E1CCCA /* MacMagazine */;
			targetProxy = EDBB4A6E1B2E7F8D00E1CCCA /* PBXContainerItemProxy */;
		};
/* End PBXTargetDependency section */

/* Begin PBXVariantGroup section */
		EDBB4A611B2E7F8D00E1CCCA /* Main.storyboard */ = {
			isa = PBXVariantGroup;
			children = (
				EDBB4A621B2E7F8D00E1CCCA /* Base */,
			);
			name = Main.storyboard;
			path = .;
			sourceTree = "<group>";
		};
		EDBB4A661B2E7F8D00E1CCCA /* LaunchScreen.xib */ = {
			isa = PBXVariantGroup;
			children = (
				EDBB4A671B2E7F8D00E1CCCA /* Base */,
			);
			name = LaunchScreen.xib;
			path = .;
			sourceTree = "<group>";
		};
		EDFA9DE81B3782E800EE213C /* Localizable.strings */ = {
			isa = PBXVariantGroup;
			children = (
				EDFA9DE71B3782E800EE213C /* pt */,
			);
			name = Localizable.strings;
			path = .;
			sourceTree = "<group>";
		};
/* End PBXVariantGroup section */

/* Begin XCBuildConfiguration section */
		EDBB4A751B2E7F8D00E1CCCA /* Debug */ = {
			isa = XCBuildConfiguration;
			buildSettings = {
				ALWAYS_SEARCH_USER_PATHS = NO;
				CLANG_CXX_LANGUAGE_STANDARD = "gnu++0x";
				CLANG_CXX_LIBRARY = "libc++";
				CLANG_ENABLE_MODULES = YES;
				CLANG_ENABLE_OBJC_ARC = YES;
				CLANG_WARN_BOOL_CONVERSION = YES;
				CLANG_WARN_CONSTANT_CONVERSION = YES;
				CLANG_WARN_DIRECT_OBJC_ISA_USAGE = YES_ERROR;
				CLANG_WARN_EMPTY_BODY = YES;
				CLANG_WARN_ENUM_CONVERSION = YES;
				CLANG_WARN_INT_CONVERSION = YES;
				CLANG_WARN_OBJC_ROOT_CLASS = YES_ERROR;
				CLANG_WARN_UNREACHABLE_CODE = YES;
				CLANG_WARN__DUPLICATE_METHOD_MATCH = YES;
				"CODE_SIGN_IDENTITY[sdk=iphoneos*]" = "iPhone Developer";
				COPY_PHASE_STRIP = NO;
				DEBUG_INFORMATION_FORMAT = "dwarf-with-dsym";
				ENABLE_STRICT_OBJC_MSGSEND = YES;
				ENABLE_TESTABILITY = YES;
				"Enable Warnings" = No;
				GCC_C_LANGUAGE_STANDARD = gnu99;
				GCC_DYNAMIC_NO_PIC = NO;
				GCC_NO_COMMON_BLOCKS = YES;
				GCC_OPTIMIZATION_LEVEL = 0;
				GCC_PREPROCESSOR_DEFINITIONS = (
					"DEBUG=1",
					"$(inherited)",
				);
				GCC_SYMBOLS_PRIVATE_EXTERN = NO;
				GCC_WARN_64_TO_32_BIT_CONVERSION = YES;
				GCC_WARN_ABOUT_RETURN_TYPE = YES_ERROR;
				GCC_WARN_UNDECLARED_SELECTOR = YES;
				GCC_WARN_UNINITIALIZED_AUTOS = YES_AGGRESSIVE;
				GCC_WARN_UNUSED_FUNCTION = YES;
				GCC_WARN_UNUSED_VARIABLE = YES;
				IPHONEOS_DEPLOYMENT_TARGET = 9.0;
				MTL_ENABLE_DEBUG_INFO = YES;
				ONLY_ACTIVE_ARCH = YES;
				SDKROOT = iphoneos;
			};
			name = Debug;
		};
		EDBB4A761B2E7F8D00E1CCCA /* Release */ = {
			isa = XCBuildConfiguration;
			buildSettings = {
				ALWAYS_SEARCH_USER_PATHS = NO;
				CLANG_CXX_LANGUAGE_STANDARD = "gnu++0x";
				CLANG_CXX_LIBRARY = "libc++";
				CLANG_ENABLE_MODULES = YES;
				CLANG_ENABLE_OBJC_ARC = YES;
				CLANG_WARN_BOOL_CONVERSION = YES;
				CLANG_WARN_CONSTANT_CONVERSION = YES;
				CLANG_WARN_DIRECT_OBJC_ISA_USAGE = YES_ERROR;
				CLANG_WARN_EMPTY_BODY = YES;
				CLANG_WARN_ENUM_CONVERSION = YES;
				CLANG_WARN_INT_CONVERSION = YES;
				CLANG_WARN_OBJC_ROOT_CLASS = YES_ERROR;
				CLANG_WARN_UNREACHABLE_CODE = YES;
				CLANG_WARN__DUPLICATE_METHOD_MATCH = YES;
				"CODE_SIGN_IDENTITY[sdk=iphoneos*]" = "iPhone Developer";
				COPY_PHASE_STRIP = NO;
				DEBUG_INFORMATION_FORMAT = "dwarf-with-dsym";
				ENABLE_NS_ASSERTIONS = NO;
				ENABLE_STRICT_OBJC_MSGSEND = YES;
				"Enable Warnings" = No;
				GCC_C_LANGUAGE_STANDARD = gnu99;
				GCC_NO_COMMON_BLOCKS = YES;
				GCC_WARN_64_TO_32_BIT_CONVERSION = YES;
				GCC_WARN_ABOUT_RETURN_TYPE = YES_ERROR;
				GCC_WARN_UNDECLARED_SELECTOR = YES;
				GCC_WARN_UNINITIALIZED_AUTOS = YES_AGGRESSIVE;
				GCC_WARN_UNUSED_FUNCTION = YES;
				GCC_WARN_UNUSED_VARIABLE = YES;
				IPHONEOS_DEPLOYMENT_TARGET = 9.0;
				MTL_ENABLE_DEBUG_INFO = NO;
				SDKROOT = iphoneos;
				VALIDATE_PRODUCT = YES;
			};
			name = Release;
		};
		EDBB4A781B2E7F8D00E1CCCA /* Debug */ = {
			isa = XCBuildConfiguration;
			baseConfigurationReference = AC69FA4FFB2E13CEACB607CC /* Pods.debug.xcconfig */;
			buildSettings = {
				ASSETCATALOG_COMPILER_APPICON_NAME = AppIcon;
				INFOPLIST_FILE = "MacMagazine/Supporting Files/Info.plist";
				LD_RUNPATH_SEARCH_PATHS = "$(inherited) @executable_path/Frameworks";
				PRODUCT_BUNDLE_IDENTIFIER = "com.madeatsampa.$(PRODUCT_NAME:rfc1034identifier)";
				PRODUCT_NAME = "$(TARGET_NAME)";
				TARGETED_DEVICE_FAMILY = 1;
			};
			name = Debug;
		};
		EDBB4A791B2E7F8D00E1CCCA /* Release */ = {
			isa = XCBuildConfiguration;
			baseConfigurationReference = 21DB65787D3E922FF090D828 /* Pods.release.xcconfig */;
			buildSettings = {
				ASSETCATALOG_COMPILER_APPICON_NAME = AppIcon;
				ENABLE_BITCODE = NO;
				INFOPLIST_FILE = "MacMagazine/Supporting Files/Info.plist";
				LD_RUNPATH_SEARCH_PATHS = "$(inherited) @executable_path/Frameworks";
				PRODUCT_BUNDLE_IDENTIFIER = "com.madeatsampa.$(PRODUCT_NAME:rfc1034identifier)";
				PRODUCT_NAME = "$(TARGET_NAME)";
				TARGETED_DEVICE_FAMILY = 1;
			};
			name = Release;
		};
		EDBB4A7B1B2E7F8D00E1CCCA /* Debug */ = {
			isa = XCBuildConfiguration;
			buildSettings = {
				BUNDLE_LOADER = "$(TEST_HOST)";
				FRAMEWORK_SEARCH_PATHS = "$(inherited)";
				GCC_PREPROCESSOR_DEFINITIONS = (
					"DEBUG=1",
					"$(inherited)",
				);
				INFOPLIST_FILE = "MacMagazineTests/Supporting Files/Info.plist";
				LD_RUNPATH_SEARCH_PATHS = "$(inherited) @executable_path/Frameworks @loader_path/Frameworks";
				PRODUCT_BUNDLE_IDENTIFIER = "com.madeatsampa.$(PRODUCT_NAME:rfc1034identifier)";
				PRODUCT_NAME = "$(TARGET_NAME)";
				TEST_HOST = "$(BUILT_PRODUCTS_DIR)/MacMagazine.app/MacMagazine";
			};
			name = Debug;
		};
		EDBB4A7C1B2E7F8D00E1CCCA /* Release */ = {
			isa = XCBuildConfiguration;
			buildSettings = {
				BUNDLE_LOADER = "$(TEST_HOST)";
				FRAMEWORK_SEARCH_PATHS = "$(inherited)";
				INFOPLIST_FILE = "MacMagazineTests/Supporting Files/Info.plist";
				LD_RUNPATH_SEARCH_PATHS = "$(inherited) @executable_path/Frameworks @loader_path/Frameworks";
				PRODUCT_BUNDLE_IDENTIFIER = "com.madeatsampa.$(PRODUCT_NAME:rfc1034identifier)";
				PRODUCT_NAME = "$(TARGET_NAME)";
				TEST_HOST = "$(BUILT_PRODUCTS_DIR)/MacMagazine.app/MacMagazine";
			};
			name = Release;
		};
/* End XCBuildConfiguration section */

/* Begin XCConfigurationList section */
		EDBB4A491B2E7F8D00E1CCCA /* Build configuration list for PBXProject "MacMagazine" */ = {
			isa = XCConfigurationList;
			buildConfigurations = (
				EDBB4A751B2E7F8D00E1CCCA /* Debug */,
				EDBB4A761B2E7F8D00E1CCCA /* Release */,
			);
			defaultConfigurationIsVisible = 0;
			defaultConfigurationName = Release;
		};
		EDBB4A771B2E7F8D00E1CCCA /* Build configuration list for PBXNativeTarget "MacMagazine" */ = {
			isa = XCConfigurationList;
			buildConfigurations = (
				EDBB4A781B2E7F8D00E1CCCA /* Debug */,
				EDBB4A791B2E7F8D00E1CCCA /* Release */,
			);
			defaultConfigurationIsVisible = 0;
			defaultConfigurationName = Release;
		};
		EDBB4A7A1B2E7F8D00E1CCCA /* Build configuration list for PBXNativeTarget "MacMagazineTests" */ = {
			isa = XCConfigurationList;
			buildConfigurations = (
				EDBB4A7B1B2E7F8D00E1CCCA /* Debug */,
				EDBB4A7C1B2E7F8D00E1CCCA /* Release */,
			);
			defaultConfigurationIsVisible = 0;
			defaultConfigurationName = Release;
		};
/* End XCConfigurationList section */

/* Begin XCVersionGroup section */
		EDBB4A581B2E7F8D00E1CCCA /* MacMagazine.xcdatamodeld */ = {
			isa = XCVersionGroup;
			children = (
				EDBB4A591B2E7F8D00E1CCCA /* MacMagazine.xcdatamodel */,
			);
			currentVersion = EDBB4A591B2E7F8D00E1CCCA /* MacMagazine.xcdatamodel */;
			path = MacMagazine.xcdatamodeld;
			sourceTree = "<group>";
			versionGroupType = wrapper.xcdatamodel;
		};
/* End XCVersionGroup section */
	};
	rootObject = EDBB4A461B2E7F8D00E1CCCA /* Project object */;
}
