// !$*UTF8*$!
{
	archiveVersion = 1;
	classes = {
	};
	objectVersion = 77;
	objects = {

/* Begin PBXBuildFile section */
		9B024FDC2EC2719700D66056 /* SettingsLibrary in Frameworks */ = {isa = PBXBuildFile; productRef = 9B024FDB2EC2719700D66056 /* SettingsLibrary */; };
		9B1A43032EE0C14E00E56784 /* PodcastLibrary in Frameworks */ = {isa = PBXBuildFile; productRef = 9B1A43022EE0C14E00E56784 /* PodcastLibrary */; };
		9B817DA22ED0E5F7005E58E5 /* VideosLibrary in Frameworks */ = {isa = PBXBuildFile; productRef = 9B817DA12ED0E5F7005E58E5 /* VideosLibrary */; };
		9B910BEB2EE09D1B00E96B4D /* FeedLibrary in Frameworks */ = {isa = PBXBuildFile; productRef = 9B910BEA2EE09D1B00E96B4D /* FeedLibrary */; };
		9BCD94C62E9971C0007C44B6 /* MacMagazineLibrary in Frameworks */ = {isa = PBXBuildFile; productRef = 9BCD94C52E9971C0007C44B6 /* MacMagazineLibrary */; };
/* End PBXBuildFile section */

/* Begin PBXFileReference section */
		9B024FDA2EC2717200D66056 /* SettingsLibrary */ = {isa = PBXFileReference; lastKnownFileType = wrapper; path = SettingsLibrary; sourceTree = "<group>"; };
		9B1A43012EE0C04D00E56784 /* PodcastLibrary */ = {isa = PBXFileReference; lastKnownFileType = wrapper; path = PodcastLibrary; sourceTree = "<group>"; };
		9B817D812ED0E381005E58E5 /* VideosLibrary */ = {isa = PBXFileReference; lastKnownFileType = wrapper; path = VideosLibrary; sourceTree = "<group>"; };
		9B910BE92EE0994600E96B4D /* FeedLibrary */ = {isa = PBXFileReference; lastKnownFileType = wrapper; path = FeedLibrary; sourceTree = "<group>"; };
		9B9E9DC42E986F8400255820 /* MacMagazine.app */ = {isa = PBXFileReference; explicitFileType = wrapper.application; includeInIndex = 0; path = MacMagazine.app; sourceTree = BUILT_PRODUCTS_DIR; };
		9BB3888E2EE0B2E4007AC71C /* MacMagazine.xctestplan */ = {isa = PBXFileReference; lastKnownFileType = text; path = MacMagazine.xctestplan; sourceTree = "<group>"; };
		9BCD94C42E997032007C44B6 /* MacMagazineLibrary */ = {isa = PBXFileReference; lastKnownFileType = wrapper; path = MacMagazineLibrary; sourceTree = "<group>"; };
/* End PBXFileReference section */

/* Begin PBXFileSystemSynchronizedBuildFileExceptionSet section */
		9B9E9DD12E986F8500255820 /* Exceptions for "MacMagazine" folder in "MacMagazine" target */ = {
			isa = PBXFileSystemSynchronizedBuildFileExceptionSet;
			membershipExceptions = (
				Resources/Info.plist,
			);
			target = 9B9E9DC32E986F8400255820 /* MacMagazine */;
		};
/* End PBXFileSystemSynchronizedBuildFileExceptionSet section */

/* Begin PBXFileSystemSynchronizedRootGroup section */
		9B9E9DC62E986F8400255820 /* MacMagazine */ = {
			isa = PBXFileSystemSynchronizedRootGroup;
			exceptions = (
				9B9E9DD12E986F8500255820 /* Exceptions for "MacMagazine" folder in "MacMagazine" target */,
			);
			path = MacMagazine;
			sourceTree = "<group>";
		};
/* End PBXFileSystemSynchronizedRootGroup section */

/* Begin PBXFrameworksBuildPhase section */
		9B9E9DC12E986F8400255820 /* Frameworks */ = {
			isa = PBXFrameworksBuildPhase;
			buildActionMask = 2147483647;
			files = (
				9B910BEB2EE09D1B00E96B4D /* FeedLibrary in Frameworks */,
				9B817DA22ED0E5F7005E58E5 /* VideosLibrary in Frameworks */,
				9B024FDC2EC2719700D66056 /* SettingsLibrary in Frameworks */,
				9BCD94C62E9971C0007C44B6 /* MacMagazineLibrary in Frameworks */,
				9B1A43032EE0C14E00E56784 /* PodcastLibrary in Frameworks */,
			);
			runOnlyForDeploymentPostprocessing = 0;
		};
/* End PBXFrameworksBuildPhase section */

/* Begin PBXGroup section */
		9B9E9DBB2E986F8400255820 = {
			isa = PBXGroup;
			children = (
				9BB3888E2EE0B2E4007AC71C /* MacMagazine.xctestplan */,
				9B9E9DDA2E98701C00255820 /* Features */,
				9B9E9DC62E986F8400255820 /* MacMagazine */,
				9B9E9DDE2E98709000255820 /* Frameworks */,
				9B9E9DC52E986F8400255820 /* Products */,
			);
			sourceTree = "<group>";
		};
		9B9E9DC52E986F8400255820 /* Products */ = {
			isa = PBXGroup;
			children = (
				9B9E9DC42E986F8400255820 /* MacMagazine.app */,
			);
			name = Products;
			sourceTree = "<group>";
		};
		9B9E9DDA2E98701C00255820 /* Features */ = {
			isa = PBXGroup;
			children = (
				9B1A43012EE0C04D00E56784 /* PodcastLibrary */,
				9B910BE92EE0994600E96B4D /* FeedLibrary */,
				9BCD94C42E997032007C44B6 /* MacMagazineLibrary */,
				9B024FDA2EC2717200D66056 /* SettingsLibrary */,
				9B817D812ED0E381005E58E5 /* VideosLibrary */,
			);
			path = Features;
			sourceTree = "<group>";
		};
		9B9E9DDE2E98709000255820 /* Frameworks */ = {
			isa = PBXGroup;
			children = (
			);
			name = Frameworks;
			sourceTree = "<group>";
		};
/* End PBXGroup section */

/* Begin PBXNativeTarget section */
		9B9E9DC32E986F8400255820 /* MacMagazine */ = {
			isa = PBXNativeTarget;
			buildConfigurationList = 9B9E9DD22E986F8500255820 /* Build configuration list for PBXNativeTarget "MacMagazine" */;
			buildPhases = (
				9B9E9DC02E986F8400255820 /* Sources */,
				9B9E9DC12E986F8400255820 /* Frameworks */,
				9B9E9DC22E986F8400255820 /* Resources */,
			);
			buildRules = (
			);
			dependencies = (
			);
			fileSystemSynchronizedGroups = (
				9B9E9DC62E986F8400255820 /* MacMagazine */,
			);
			name = MacMagazine;
			packageProductDependencies = (
				9BCD94C52E9971C0007C44B6 /* MacMagazineLibrary */,
				9B024FDB2EC2719700D66056 /* SettingsLibrary */,
				9B817DA12ED0E5F7005E58E5 /* VideosLibrary */,
				9B910BEA2EE09D1B00E96B4D /* FeedLibrary */,
				9B1A43022EE0C14E00E56784 /* PodcastLibrary */,
			);
			productName = MacMagazine;
			productReference = 9B9E9DC42E986F8400255820 /* MacMagazine.app */;
			productType = "com.apple.product-type.application";
		};
/* End PBXNativeTarget section */

/* Begin PBXProject section */
		9B9E9DBC2E986F8400255820 /* Project object */ = {
			isa = PBXProject;
			attributes = {
				BuildIndependentTargetsInParallel = 1;
				LastSwiftUpdateCheck = 2600;
				LastUpgradeCheck = 2610;
				TargetAttributes = {
					9B9E9DC32E986F8400255820 = {
						CreatedOnToolsVersion = 26.0.1;
					};
				};
			};
			buildConfigurationList = 9B9E9DBF2E986F8400255820 /* Build configuration list for PBXProject "MacMagazine" */;
			developmentRegion = en;
			hasScannedForEncodings = 0;
			knownRegions = (
				en,
				Base,
			);
			mainGroup = 9B9E9DBB2E986F8400255820;
			minimizedProjectReferenceProxies = 1;
			packageReferences = (
			);
			preferredProjectObjectVersion = 77;
			productRefGroup = 9B9E9DC52E986F8400255820 /* Products */;
			projectDirPath = "";
			projectRoot = "";
			targets = (
				9B9E9DC32E986F8400255820 /* MacMagazine */,
			);
		};
/* End PBXProject section */

/* Begin PBXResourcesBuildPhase section */
		9B9E9DC22E986F8400255820 /* Resources */ = {
			isa = PBXResourcesBuildPhase;
			buildActionMask = 2147483647;
			files = (
			);
			runOnlyForDeploymentPostprocessing = 0;
		};
/* End PBXResourcesBuildPhase section */

/* Begin PBXSourcesBuildPhase section */
		9B9E9DC02E986F8400255820 /* Sources */ = {
			isa = PBXSourcesBuildPhase;
			buildActionMask = 2147483647;
			files = (
			);
			runOnlyForDeploymentPostprocessing = 0;
		};
/* End PBXSourcesBuildPhase section */

/* Begin XCBuildConfiguration section */
		9B9E9DD32E986F8500255820 /* Debug */ = {
			isa = XCBuildConfiguration;
			buildSettings = {
				ASSETCATALOG_COMPILER_APPICON_NAME = mm_icon;
				ASSETCATALOG_COMPILER_GLOBAL_ACCENT_COLOR_NAME = AccentColor;
				ASSETCATALOG_COMPILER_INCLUDE_ALL_APPICON_ASSETS = YES;
				CODE_SIGN_ENTITLEMENTS = MacMagazine/Resources/MacMagazine.entitlements;
				CODE_SIGN_STYLE = Automatic;
				CURRENT_PROJECT_VERSION = 5.1.0;
				DEVELOPMENT_TEAM = A5VW9QUF9L;
				ENABLE_PREVIEWS = YES;
				GENERATE_INFOPLIST_FILE = YES;
				INFOPLIST_FILE = MacMagazine/Resources/Info.plist;
				INFOPLIST_KEY_ITSAppUsesNonExemptEncryption = NO;
				INFOPLIST_KEY_UIApplicationSceneManifest_Generation = YES;
				INFOPLIST_KEY_UIApplicationSupportsIndirectInputEvents = YES;
				INFOPLIST_KEY_UILaunchScreen_Generation = YES;
				INFOPLIST_KEY_UISupportedInterfaceOrientations_iPad = "UIInterfaceOrientationPortrait UIInterfaceOrientationPortraitUpsideDown UIInterfaceOrientationLandscapeLeft UIInterfaceOrientationLandscapeRight";
				INFOPLIST_KEY_UISupportedInterfaceOrientations_iPhone = "UIInterfaceOrientationPortrait UIInterfaceOrientationLandscapeLeft UIInterfaceOrientationLandscapeRight";
				LD_RUNPATH_SEARCH_PATHS = (
					"$(inherited)",
					"@executable_path/Frameworks",
				);
				MARKETING_VERSION = 5.1;
				PRODUCT_BUNDLE_IDENTIFIER = com.brit.beta.macmagazine;
				PRODUCT_NAME = "$(TARGET_NAME)";
				STRING_CATALOG_GENERATE_SYMBOLS = YES;
				SWIFT_APPROACHABLE_CONCURRENCY = YES;
				SWIFT_DEFAULT_ACTOR_ISOLATION = MainActor;
				SWIFT_EMIT_LOC_STRINGS = YES;
				SWIFT_UPCOMING_FEATURE_MEMBER_IMPORT_VISIBILITY = YES;
				SWIFT_VERSION = 5.0;
				TARGETED_DEVICE_FAMILY = "1,2";
			};
			name = Debug;
		};
		9B9E9DD42E986F8500255820 /* Release */ = {
			isa = XCBuildConfiguration;
			buildSettings = {
				ASSETCATALOG_COMPILER_APPICON_NAME = mm_icon;
				ASSETCATALOG_COMPILER_GLOBAL_ACCENT_COLOR_NAME = AccentColor;
				ASSETCATALOG_COMPILER_INCLUDE_ALL_APPICON_ASSETS = YES;
				CODE_SIGN_ENTITLEMENTS = MacMagazine/Resources/MacMagazine.entitlements;
				CODE_SIGN_STYLE = Automatic;
				CURRENT_PROJECT_VERSION = 5.1.0;
				DEVELOPMENT_TEAM = A5VW9QUF9L;
				ENABLE_PREVIEWS = YES;
				GENERATE_INFOPLIST_FILE = YES;
				INFOPLIST_FILE = MacMagazine/Resources/Info.plist;
				INFOPLIST_KEY_ITSAppUsesNonExemptEncryption = NO;
				INFOPLIST_KEY_UIApplicationSceneManifest_Generation = YES;
				INFOPLIST_KEY_UIApplicationSupportsIndirectInputEvents = YES;
				INFOPLIST_KEY_UILaunchScreen_Generation = YES;
				INFOPLIST_KEY_UISupportedInterfaceOrientations_iPad = "UIInterfaceOrientationPortrait UIInterfaceOrientationPortraitUpsideDown UIInterfaceOrientationLandscapeLeft UIInterfaceOrientationLandscapeRight";
				INFOPLIST_KEY_UISupportedInterfaceOrientations_iPhone = "UIInterfaceOrientationPortrait UIInterfaceOrientationLandscapeLeft UIInterfaceOrientationLandscapeRight";
				LD_RUNPATH_SEARCH_PATHS = (
					"$(inherited)",
					"@executable_path/Frameworks",
				);
				MARKETING_VERSION = 5.1;
				PRODUCT_BUNDLE_IDENTIFIER = com.brit.beta.macmagazine;
				PRODUCT_NAME = "$(TARGET_NAME)";
				STRING_CATALOG_GENERATE_SYMBOLS = YES;
				SWIFT_APPROACHABLE_CONCURRENCY = YES;
				SWIFT_DEFAULT_ACTOR_ISOLATION = MainActor;
				SWIFT_EMIT_LOC_STRINGS = YES;
				SWIFT_UPCOMING_FEATURE_MEMBER_IMPORT_VISIBILITY = YES;
				SWIFT_VERSION = 5.0;
				TARGETED_DEVICE_FAMILY = "1,2";
			};
			name = Release;
		};
		9B9E9DD52E986F8500255820 /* Debug */ = {
			isa = XCBuildConfiguration;
			buildSettings = {
				ALWAYS_SEARCH_USER_PATHS = NO;
				ASSETCATALOG_COMPILER_GENERATE_SWIFT_ASSET_SYMBOL_EXTENSIONS = YES;
				CLANG_ANALYZER_NONNULL = YES;
				CLANG_ANALYZER_NUMBER_OBJECT_CONVERSION = YES_AGGRESSIVE;
				CLANG_CXX_LANGUAGE_STANDARD = "gnu++20";
				CLANG_ENABLE_MODULES = YES;
				CLANG_ENABLE_OBJC_ARC = YES;
				CLANG_ENABLE_OBJC_WEAK = YES;
				CLANG_WARN_BLOCK_CAPTURE_AUTORELEASING = YES;
				CLANG_WARN_BOOL_CONVERSION = YES;
				CLANG_WARN_COMMA = YES;
				CLANG_WARN_CONSTANT_CONVERSION = YES;
				CLANG_WARN_DEPRECATED_OBJC_IMPLEMENTATIONS = YES;
				CLANG_WARN_DIRECT_OBJC_ISA_USAGE = YES_ERROR;
				CLANG_WARN_DOCUMENTATION_COMMENTS = YES;
				CLANG_WARN_EMPTY_BODY = YES;
				CLANG_WARN_ENUM_CONVERSION = YES;
				CLANG_WARN_INFINITE_RECURSION = YES;
				CLANG_WARN_INT_CONVERSION = YES;
				CLANG_WARN_NON_LITERAL_NULL_CONVERSION = YES;
				CLANG_WARN_OBJC_IMPLICIT_RETAIN_SELF = YES;
				CLANG_WARN_OBJC_LITERAL_CONVERSION = YES;
				CLANG_WARN_OBJC_ROOT_CLASS = YES_ERROR;
				CLANG_WARN_QUOTED_INCLUDE_IN_FRAMEWORK_HEADER = YES;
				CLANG_WARN_RANGE_LOOP_ANALYSIS = YES;
				CLANG_WARN_STRICT_PROTOTYPES = YES;
				CLANG_WARN_SUSPICIOUS_MOVE = YES;
				CLANG_WARN_UNGUARDED_AVAILABILITY = YES_AGGRESSIVE;
				CLANG_WARN_UNREACHABLE_CODE = YES;
				CLANG_WARN__DUPLICATE_METHOD_MATCH = YES;
				COPY_PHASE_STRIP = NO;
				DEBUG_INFORMATION_FORMAT = dwarf;
				DEVELOPMENT_TEAM = A5VW9QUF9L;
				ENABLE_STRICT_OBJC_MSGSEND = YES;
				ENABLE_TESTABILITY = YES;
				ENABLE_USER_SCRIPT_SANDBOXING = YES;
				GCC_C_LANGUAGE_STANDARD = gnu17;
				GCC_DYNAMIC_NO_PIC = NO;
				GCC_NO_COMMON_BLOCKS = YES;
				GCC_OPTIMIZATION_LEVEL = 0;
				GCC_PREPROCESSOR_DEFINITIONS = (
					"DEBUG=1",
					"$(inherited)",
				);
				GCC_WARN_64_TO_32_BIT_CONVERSION = YES;
				GCC_WARN_ABOUT_RETURN_TYPE = YES_ERROR;
				GCC_WARN_UNDECLARED_SELECTOR = YES;
				GCC_WARN_UNINITIALIZED_AUTOS = YES_AGGRESSIVE;
				GCC_WARN_UNUSED_FUNCTION = YES;
				GCC_WARN_UNUSED_VARIABLE = YES;
				IPHONEOS_DEPLOYMENT_TARGET = 26.0;
				LOCALIZATION_PREFERS_STRING_CATALOGS = YES;
				MTL_ENABLE_DEBUG_INFO = INCLUDE_SOURCE;
				MTL_FAST_MATH = YES;
				ONLY_ACTIVE_ARCH = YES;
				SDKROOT = iphoneos;
				STRING_CATALOG_GENERATE_SYMBOLS = YES;
				SWIFT_ACTIVE_COMPILATION_CONDITIONS = "DEBUG $(inherited)";
				SWIFT_OPTIMIZATION_LEVEL = "-Onone";
			};
			name = Debug;
		};
		9B9E9DD62E986F8500255820 /* Release */ = {
			isa = XCBuildConfiguration;
			buildSettings = {
				ALWAYS_SEARCH_USER_PATHS = NO;
				ASSETCATALOG_COMPILER_GENERATE_SWIFT_ASSET_SYMBOL_EXTENSIONS = YES;
				CLANG_ANALYZER_NONNULL = YES;
				CLANG_ANALYZER_NUMBER_OBJECT_CONVERSION = YES_AGGRESSIVE;
				CLANG_CXX_LANGUAGE_STANDARD = "gnu++20";
				CLANG_ENABLE_MODULES = YES;
				CLANG_ENABLE_OBJC_ARC = YES;
				CLANG_ENABLE_OBJC_WEAK = YES;
				CLANG_WARN_BLOCK_CAPTURE_AUTORELEASING = YES;
				CLANG_WARN_BOOL_CONVERSION = YES;
				CLANG_WARN_COMMA = YES;
				CLANG_WARN_CONSTANT_CONVERSION = YES;
				CLANG_WARN_DEPRECATED_OBJC_IMPLEMENTATIONS = YES;
				CLANG_WARN_DIRECT_OBJC_ISA_USAGE = YES_ERROR;
				CLANG_WARN_DOCUMENTATION_COMMENTS = YES;
				CLANG_WARN_EMPTY_BODY = YES;
				CLANG_WARN_ENUM_CONVERSION = YES;
				CLANG_WARN_INFINITE_RECURSION = YES;
				CLANG_WARN_INT_CONVERSION = YES;
				CLANG_WARN_NON_LITERAL_NULL_CONVERSION = YES;
				CLANG_WARN_OBJC_IMPLICIT_RETAIN_SELF = YES;
				CLANG_WARN_OBJC_LITERAL_CONVERSION = YES;
				CLANG_WARN_OBJC_ROOT_CLASS = YES_ERROR;
				CLANG_WARN_QUOTED_INCLUDE_IN_FRAMEWORK_HEADER = YES;
				CLANG_WARN_RANGE_LOOP_ANALYSIS = YES;
				CLANG_WARN_STRICT_PROTOTYPES = YES;
				CLANG_WARN_SUSPICIOUS_MOVE = YES;
				CLANG_WARN_UNGUARDED_AVAILABILITY = YES_AGGRESSIVE;
				CLANG_WARN_UNREACHABLE_CODE = YES;
				CLANG_WARN__DUPLICATE_METHOD_MATCH = YES;
				COPY_PHASE_STRIP = NO;
				DEBUG_INFORMATION_FORMAT = "dwarf-with-dsym";
				DEVELOPMENT_TEAM = A5VW9QUF9L;
				ENABLE_NS_ASSERTIONS = NO;
				ENABLE_STRICT_OBJC_MSGSEND = YES;
				ENABLE_USER_SCRIPT_SANDBOXING = YES;
				GCC_C_LANGUAGE_STANDARD = gnu17;
				GCC_NO_COMMON_BLOCKS = YES;
				GCC_WARN_64_TO_32_BIT_CONVERSION = YES;
				GCC_WARN_ABOUT_RETURN_TYPE = YES_ERROR;
				GCC_WARN_UNDECLARED_SELECTOR = YES;
				GCC_WARN_UNINITIALIZED_AUTOS = YES_AGGRESSIVE;
				GCC_WARN_UNUSED_FUNCTION = YES;
				GCC_WARN_UNUSED_VARIABLE = YES;
				IPHONEOS_DEPLOYMENT_TARGET = 26.0;
				LOCALIZATION_PREFERS_STRING_CATALOGS = YES;
				MTL_ENABLE_DEBUG_INFO = NO;
				MTL_FAST_MATH = YES;
				SDKROOT = iphoneos;
				STRING_CATALOG_GENERATE_SYMBOLS = YES;
				SWIFT_COMPILATION_MODE = wholemodule;
				VALIDATE_PRODUCT = YES;
			};
			name = Release;
		};
/* End XCBuildConfiguration section */

/* Begin XCConfigurationList section */
		9B9E9DBF2E986F8400255820 /* Build configuration list for PBXProject "MacMagazine" */ = {
			isa = XCConfigurationList;
			buildConfigurations = (
				9B9E9DD52E986F8500255820 /* Debug */,
				9B9E9DD62E986F8500255820 /* Release */,
			);
			defaultConfigurationIsVisible = 0;
			defaultConfigurationName = Release;
		};
		9B9E9DD22E986F8500255820 /* Build configuration list for PBXNativeTarget "MacMagazine" */ = {
			isa = XCConfigurationList;
			buildConfigurations = (
				9B9E9DD32E986F8500255820 /* Debug */,
				9B9E9DD42E986F8500255820 /* Release */,
			);
			defaultConfigurationIsVisible = 0;
			defaultConfigurationName = Release;
		};
/* End XCConfigurationList section */

/* Begin XCSwiftPackageProductDependency section */
		9B024FDB2EC2719700D66056 /* SettingsLibrary */ = {
			isa = XCSwiftPackageProductDependency;
			productName = SettingsLibrary;
		};
		9B1A43022EE0C14E00E56784 /* PodcastLibrary */ = {
			isa = XCSwiftPackageProductDependency;
			productName = PodcastLibrary;
		};
		9B817DA12ED0E5F7005E58E5 /* VideosLibrary */ = {
			isa = XCSwiftPackageProductDependency;
			productName = VideosLibrary;
		};
		9B910BEA2EE09D1B00E96B4D /* FeedLibrary */ = {
			isa = XCSwiftPackageProductDependency;
			productName = FeedLibrary;
		};
		9BCD94C52E9971C0007C44B6 /* MacMagazineLibrary */ = {
			isa = XCSwiftPackageProductDependency;
			productName = MacMagazineLibrary;
		};
/* End XCSwiftPackageProductDependency section */
	};
	rootObject = 9B9E9DBC2E986F8400255820 /* Project object */;
}
