// !$*UTF8*$!
{
	archiveVersion = 1;
	classes = {
	};
	objectVersion = 77;
	objects = {

/* Begin PBXBuildFile section */
		88C8B2E72EF476E100044DE9 /* WidgetKit.framework in Frameworks */ = {isa = PBXBuildFile; fileRef = 9BDD424E2EE9E82F00A9BD85 /* WidgetKit.framework */; };
		88C8B2E82EF476E100044DE9 /* SwiftUI.framework in Frameworks */ = {isa = PBXBuildFile; fileRef = 9BDD42502EE9E82F00A9BD85 /* SwiftUI.framework */; };
		88C8B2FE2EF48DC500044DE9 /* FeedLibrary in Frameworks */ = {isa = PBXBuildFile; productRef = 88C8B2FD2EF48DC500044DE9 /* FeedLibrary */; };
		9B024FDC2EC2719700D66056 /* SettingsLibrary in Frameworks */ = {isa = PBXBuildFile; productRef = 9B024FDB2EC2719700D66056 /* SettingsLibrary */; };
		9B0283C42EF61A08002611AB /* OnboardingLibrary in Frameworks */ = {isa = PBXBuildFile; productRef = 9B0283C32EF61A08002611AB /* OnboardingLibrary */; };
		9B104FDD2EF9B04E001FBAEB /* MacMagazineLibrary in Frameworks */ = {isa = PBXBuildFile; productRef = 9B104FDC2EF9B04E001FBAEB /* MacMagazineLibrary */; };
		9B1A43032EE0C14E00E56784 /* PodcastLibrary in Frameworks */ = {isa = PBXBuildFile; productRef = 9B1A43022EE0C14E00E56784 /* PodcastLibrary */; };
		9B4F666F2EE9F223008ACACB /* FeedLibrary in Frameworks */ = {isa = PBXBuildFile; productRef = 9B4F666E2EE9F223008ACACB /* FeedLibrary */; };
		9B5143C52EF4CE9800ED4F39 /* MacMagazineLibrary in Frameworks */ = {isa = PBXBuildFile; productRef = 9B5143C42EF4CE9800ED4F39 /* MacMagazineLibrary */; };
		9B543D342EE8A116001730C4 /* MacMagazineUILibrary in Frameworks */ = {isa = PBXBuildFile; productRef = 9B543D332EE8A116001730C4 /* MacMagazineUILibrary */; };
		9B817DA22ED0E5F7005E58E5 /* VideosLibrary in Frameworks */ = {isa = PBXBuildFile; productRef = 9B817DA12ED0E5F7005E58E5 /* VideosLibrary */; };
		9B910BEB2EE09D1B00E96B4D /* FeedLibrary in Frameworks */ = {isa = PBXBuildFile; productRef = 9B910BEA2EE09D1B00E96B4D /* FeedLibrary */; };
		9BA828AC2EEC7AAB00F26FCB /* WatchApp.app in Embed Watch Content */ = {isa = PBXBuildFile; fileRef = 9BA8288C2EEC7AAA00F26FCB /* WatchApp.app */; settings = {ATTRIBUTES = (RemoveHeadersOnCopy, ); }; };
		9BA828B82EEC7AE500F26FCB /* FeedLibrary in Frameworks */ = {isa = PBXBuildFile; productRef = 9BA828B72EEC7AE500F26FCB /* FeedLibrary */; };
		9BC1BCAC2EF965A400C19D1D /* WatchWidget.appex in Embed Foundation Extensions */ = {isa = PBXBuildFile; fileRef = 88C8B2E62EF476E100044DE9 /* WatchWidget.appex */; settings = {ATTRIBUTES = (RemoveHeadersOnCopy, ); }; };
		9BCD94C62E9971C0007C44B6 /* MacMagazineLibrary in Frameworks */ = {isa = PBXBuildFile; productRef = 9BCD94C52E9971C0007C44B6 /* MacMagazineLibrary */; };
		9BDD424F2EE9E82F00A9BD85 /* WidgetKit.framework in Frameworks */ = {isa = PBXBuildFile; fileRef = 9BDD424E2EE9E82F00A9BD85 /* WidgetKit.framework */; };
		9BDD42512EE9E82F00A9BD85 /* SwiftUI.framework in Frameworks */ = {isa = PBXBuildFile; fileRef = 9BDD42502EE9E82F00A9BD85 /* SwiftUI.framework */; };
		9BDD42602EE9E83100A9BD85 /* Widget.appex in Embed Foundation Extensions */ = {isa = PBXBuildFile; fileRef = 9BDD424D2EE9E82F00A9BD85 /* Widget.appex */; settings = {ATTRIBUTES = (RemoveHeadersOnCopy, ); }; };
/* End PBXBuildFile section */

/* Begin PBXContainerItemProxy section */
		9BA828AA2EEC7AAB00F26FCB /* PBXContainerItemProxy */ = {
			isa = PBXContainerItemProxy;
			containerPortal = 9B9E9DBC2E986F8400255820 /* Project object */;
			proxyType = 1;
			remoteGlobalIDString = 9BA8288B2EEC7AAA00F26FCB;
			remoteInfo = "WatchkApp Watch App";
		};
		9BC1BCAD2EF965A400C19D1D /* PBXContainerItemProxy */ = {
			isa = PBXContainerItemProxy;
			containerPortal = 9B9E9DBC2E986F8400255820 /* Project object */;
			proxyType = 1;
			remoteGlobalIDString = 88C8B2E52EF476E100044DE9;
			remoteInfo = WatchWidget;
		};
		9BDD425E2EE9E83100A9BD85 /* PBXContainerItemProxy */ = {
			isa = PBXContainerItemProxy;
			containerPortal = 9B9E9DBC2E986F8400255820 /* Project object */;
			proxyType = 1;
			remoteGlobalIDString = 9BDD424C2EE9E82F00A9BD85;
			remoteInfo = WidgetExtension;
		};
/* End PBXContainerItemProxy section */

/* Begin PBXCopyFilesBuildPhase section */
		9BA828AD2EEC7AAB00F26FCB /* Embed Watch Content */ = {
			isa = PBXCopyFilesBuildPhase;
			buildActionMask = 2147483647;
			dstPath = "$(CONTENTS_FOLDER_PATH)/Watch";
			dstSubfolderSpec = 16;
			files = (
				9BA828AC2EEC7AAB00F26FCB /* WatchApp.app in Embed Watch Content */,
			);
			name = "Embed Watch Content";
			runOnlyForDeploymentPostprocessing = 0;
		};
		9BC1BCAF2EF965A400C19D1D /* Embed Foundation Extensions */ = {
			isa = PBXCopyFilesBuildPhase;
			buildActionMask = 2147483647;
			dstPath = "";
			dstSubfolderSpec = 13;
			files = (
				9BC1BCAC2EF965A400C19D1D /* WatchWidget.appex in Embed Foundation Extensions */,
			);
			name = "Embed Foundation Extensions";
			runOnlyForDeploymentPostprocessing = 0;
		};
		9BDD42612EE9E83100A9BD85 /* Embed Foundation Extensions */ = {
			isa = PBXCopyFilesBuildPhase;
			buildActionMask = 2147483647;
			dstPath = "";
			dstSubfolderSpec = 13;
			files = (
				9BDD42602EE9E83100A9BD85 /* Widget.appex in Embed Foundation Extensions */,
			);
			name = "Embed Foundation Extensions";
			runOnlyForDeploymentPostprocessing = 0;
		};
/* End PBXCopyFilesBuildPhase section */

/* Begin PBXFileReference section */
		88C8B2E62EF476E100044DE9 /* WatchWidget.appex */ = {isa = PBXFileReference; explicitFileType = "wrapper.app-extension"; includeInIndex = 0; path = WatchWidget.appex; sourceTree = BUILT_PRODUCTS_DIR; };
		9B024FDA2EC2717200D66056 /* SettingsLibrary */ = {isa = PBXFileReference; lastKnownFileType = wrapper; path = SettingsLibrary; sourceTree = "<group>"; };
		9B0283C22EF619D0002611AB /* OnboardingLibrary */ = {isa = PBXFileReference; lastKnownFileType = wrapper; path = OnboardingLibrary; sourceTree = "<group>"; };
		9B1A43012EE0C04D00E56784 /* PodcastLibrary */ = {isa = PBXFileReference; lastKnownFileType = wrapper; path = PodcastLibrary; sourceTree = "<group>"; };
		9B334E912EE43FE4009F4947 /* MMLiveLibrary */ = {isa = PBXFileReference; lastKnownFileType = wrapper; path = MMLiveLibrary; sourceTree = "<group>"; };
		9B543D322EE8A00F001730C4 /* MacMagazineUILibrary */ = {isa = PBXFileReference; lastKnownFileType = wrapper; path = MacMagazineUILibrary; sourceTree = "<group>"; };
		9B817D812ED0E381005E58E5 /* VideosLibrary */ = {isa = PBXFileReference; lastKnownFileType = wrapper; path = VideosLibrary; sourceTree = "<group>"; };
		9B910BE92EE0994600E96B4D /* FeedLibrary */ = {isa = PBXFileReference; lastKnownFileType = wrapper; path = FeedLibrary; sourceTree = "<group>"; };
		9B9E9DC42E986F8400255820 /* MacMagazine.app */ = {isa = PBXFileReference; explicitFileType = wrapper.application; includeInIndex = 0; path = MacMagazine.app; sourceTree = BUILT_PRODUCTS_DIR; };
		9BA8288C2EEC7AAA00F26FCB /* WatchApp.app */ = {isa = PBXFileReference; explicitFileType = wrapper.application; includeInIndex = 0; path = WatchApp.app; sourceTree = BUILT_PRODUCTS_DIR; };
		9BB3888E2EE0B2E4007AC71C /* MacMagazine.xctestplan */ = {isa = PBXFileReference; lastKnownFileType = text; path = MacMagazine.xctestplan; sourceTree = "<group>"; };
		9BCD94C42E997032007C44B6 /* MacMagazineLibrary */ = {isa = PBXFileReference; lastKnownFileType = wrapper; path = MacMagazineLibrary; sourceTree = "<group>"; };
		9BDD424D2EE9E82F00A9BD85 /* Widget.appex */ = {isa = PBXFileReference; explicitFileType = "wrapper.app-extension"; includeInIndex = 0; path = Widget.appex; sourceTree = BUILT_PRODUCTS_DIR; };
		9BDD424E2EE9E82F00A9BD85 /* WidgetKit.framework */ = {isa = PBXFileReference; lastKnownFileType = wrapper.framework; name = WidgetKit.framework; path = System/Library/Frameworks/WidgetKit.framework; sourceTree = SDKROOT; };
		9BDD42502EE9E82F00A9BD85 /* SwiftUI.framework */ = {isa = PBXFileReference; lastKnownFileType = wrapper.framework; name = SwiftUI.framework; path = System/Library/Frameworks/SwiftUI.framework; sourceTree = SDKROOT; };
/* End PBXFileReference section */

/* Begin PBXFileSystemSynchronizedBuildFileExceptionSet section */
		88C8B2FB2EF476E200044DE9 /* Exceptions for "WatchWidget" folder in "WatchWidget" target */ = {
			isa = PBXFileSystemSynchronizedBuildFileExceptionSet;
			membershipExceptions = (
				Info.plist,
			);
			target = 88C8B2E52EF476E100044DE9 /* WatchWidget */;
		};
		9B9E9DD12E986F8500255820 /* Exceptions for "MacMagazine" folder in "MacMagazine" target */ = {
			isa = PBXFileSystemSynchronizedBuildFileExceptionSet;
			membershipExceptions = (
				Resources/Info.plist,
			);
			target = 9B9E9DC32E986F8400255820 /* MacMagazine */;
		};
		9BA82A072EEC8EA400F26FCB /* Exceptions for "MacMagazine" folder in "WatchApp" target */ = {
			isa = PBXFileSystemSynchronizedBuildFileExceptionSet;
			membershipExceptions = (
				Resources/Icon/mm_icon.icon,
			);
			target = 9BA8288B2EEC7AAA00F26FCB /* WatchApp */;
		};
		9BDD42652EE9E83100A9BD85 /* Exceptions for "Widget" folder in "Widget" target */ = {
			isa = PBXFileSystemSynchronizedBuildFileExceptionSet;
			membershipExceptions = (
				Info.plist,
			);
			target = 9BDD424C2EE9E82F00A9BD85 /* Widget */;
		};
/* End PBXFileSystemSynchronizedBuildFileExceptionSet section */

/* Begin PBXFileSystemSynchronizedRootGroup section */
		88C8B2E92EF476E100044DE9 /* WatchWidget */ = {
			isa = PBXFileSystemSynchronizedRootGroup;
			exceptions = (
				88C8B2FB2EF476E200044DE9 /* Exceptions for "WatchWidget" folder in "WatchWidget" target */,
			);
			path = WatchWidget;
			sourceTree = "<group>";
		};
		9B9E9DC62E986F8400255820 /* MacMagazine */ = {
			isa = PBXFileSystemSynchronizedRootGroup;
			exceptions = (
				9B9E9DD12E986F8500255820 /* Exceptions for "MacMagazine" folder in "MacMagazine" target */,
				9BA82A072EEC8EA400F26FCB /* Exceptions for "MacMagazine" folder in "WatchApp" target */,
			);
			path = MacMagazine;
			sourceTree = "<group>";
		};
		9BA8288D2EEC7AAA00F26FCB /* WatchApp */ = {
			isa = PBXFileSystemSynchronizedRootGroup;
			path = WatchApp;
			sourceTree = "<group>";
		};
		9BDD42522EE9E82F00A9BD85 /* Widget */ = {
			isa = PBXFileSystemSynchronizedRootGroup;
			exceptions = (
				9BDD42652EE9E83100A9BD85 /* Exceptions for "Widget" folder in "Widget" target */,
			);
			path = Widget;
			sourceTree = "<group>";
		};
/* End PBXFileSystemSynchronizedRootGroup section */

/* Begin PBXFrameworksBuildPhase section */
		88C8B2E32EF476E100044DE9 /* Frameworks */ = {
			isa = PBXFrameworksBuildPhase;
			buildActionMask = 2147483647;
			files = (
				88C8B2FE2EF48DC500044DE9 /* FeedLibrary in Frameworks */,
				88C8B2E82EF476E100044DE9 /* SwiftUI.framework in Frameworks */,
				88C8B2E72EF476E100044DE9 /* WidgetKit.framework in Frameworks */,
			);
			runOnlyForDeploymentPostprocessing = 0;
		};
		9B9E9DC12E986F8400255820 /* Frameworks */ = {
			isa = PBXFrameworksBuildPhase;
			buildActionMask = 2147483647;
			files = (
				9B543D342EE8A116001730C4 /* MacMagazineUILibrary in Frameworks */,
				9B910BEB2EE09D1B00E96B4D /* FeedLibrary in Frameworks */,
				9B817DA22ED0E5F7005E58E5 /* VideosLibrary in Frameworks */,
				9B024FDC2EC2719700D66056 /* SettingsLibrary in Frameworks */,
				9BCD94C62E9971C0007C44B6 /* MacMagazineLibrary in Frameworks */,
				9B1A43032EE0C14E00E56784 /* PodcastLibrary in Frameworks */,
				9B0283C42EF61A08002611AB /* OnboardingLibrary in Frameworks */,
			);
			runOnlyForDeploymentPostprocessing = 0;
		};
		9BA828892EEC7AAA00F26FCB /* Frameworks */ = {
			isa = PBXFrameworksBuildPhase;
			buildActionMask = 2147483647;
			files = (
				9B104FDD2EF9B04E001FBAEB /* MacMagazineLibrary in Frameworks */,
				9BA828B82EEC7AE500F26FCB /* FeedLibrary in Frameworks */,
			);
			runOnlyForDeploymentPostprocessing = 0;
		};
		9BDD424A2EE9E82F00A9BD85 /* Frameworks */ = {
			isa = PBXFrameworksBuildPhase;
			buildActionMask = 2147483647;
			files = (
				9B5143C52EF4CE9800ED4F39 /* MacMagazineLibrary in Frameworks */,
				9B4F666F2EE9F223008ACACB /* FeedLibrary in Frameworks */,
				9BDD42512EE9E82F00A9BD85 /* SwiftUI.framework in Frameworks */,
				9BDD424F2EE9E82F00A9BD85 /* WidgetKit.framework in Frameworks */,
			);
			runOnlyForDeploymentPostprocessing = 0;
		};
/* End PBXFrameworksBuildPhase section */

/* Begin PBXGroup section */
		9B9E9DBB2E986F8400255820 = {
			isa = PBXGroup;
			children = (
				9BB3888E2EE0B2E4007AC71C /* MacMagazine.xctestplan */,
				9B9E9DDA2E98701C00255820 /* Features */,
				9B9E9DC62E986F8400255820 /* MacMagazine */,
				9BDD42522EE9E82F00A9BD85 /* Widget */,
				9BA8288D2EEC7AAA00F26FCB /* WatchApp */,
				88C8B2E92EF476E100044DE9 /* WatchWidget */,
				9B9E9DDE2E98709000255820 /* Frameworks */,
				9B9E9DC52E986F8400255820 /* Products */,
			);
			sourceTree = "<group>";
		};
		9B9E9DC52E986F8400255820 /* Products */ = {
			isa = PBXGroup;
			children = (
				9B9E9DC42E986F8400255820 /* MacMagazine.app */,
				9BDD424D2EE9E82F00A9BD85 /* Widget.appex */,
				9BA8288C2EEC7AAA00F26FCB /* WatchApp.app */,
				88C8B2E62EF476E100044DE9 /* WatchWidget.appex */,
			);
			name = Products;
			sourceTree = "<group>";
		};
		9B9E9DDA2E98701C00255820 /* Features */ = {
			isa = PBXGroup;
			children = (
				9B910BE92EE0994600E96B4D /* FeedLibrary */,
				9BCD94C42E997032007C44B6 /* MacMagazineLibrary */,
				9B543D322EE8A00F001730C4 /* MacMagazineUILibrary */,
				9B334E912EE43FE4009F4947 /* MMLiveLibrary */,
				9B0283C22EF619D0002611AB /* OnboardingLibrary */,
				9B1A43012EE0C04D00E56784 /* PodcastLibrary */,
				9B024FDA2EC2717200D66056 /* SettingsLibrary */,
				9B817D812ED0E381005E58E5 /* VideosLibrary */,
			);
			path = Features;
			sourceTree = "<group>";
		};
		9B9E9DDE2E98709000255820 /* Frameworks */ = {
			isa = PBXGroup;
			children = (
				9BDD424E2EE9E82F00A9BD85 /* WidgetKit.framework */,
				9BDD42502EE9E82F00A9BD85 /* SwiftUI.framework */,
			);
			name = Frameworks;
			sourceTree = "<group>";
		};
/* End PBXGroup section */

/* Begin PBXNativeTarget section */
		88C8B2E52EF476E100044DE9 /* WatchWidget */ = {
			isa = PBXNativeTarget;
			buildConfigurationList = 88C8B2F82EF476E200044DE9 /* Build configuration list for PBXNativeTarget "WatchWidget" */;
			buildPhases = (
				88C8B2E22EF476E100044DE9 /* Sources */,
				88C8B2E32EF476E100044DE9 /* Frameworks */,
				88C8B2E42EF476E100044DE9 /* Resources */,
			);
			buildRules = (
			);
			dependencies = (
			);
			fileSystemSynchronizedGroups = (
				88C8B2E92EF476E100044DE9 /* WatchWidget */,
			);
			name = WatchWidget;
			packageProductDependencies = (
				88C8B2FD2EF48DC500044DE9 /* FeedLibrary */,
			);
			productName = WidgetWatchExtension;
			productReference = 88C8B2E62EF476E100044DE9 /* WatchWidget.appex */;
			productType = "com.apple.product-type.app-extension";
		};
		9B9E9DC32E986F8400255820 /* MacMagazine */ = {
			isa = PBXNativeTarget;
			buildConfigurationList = 9B9E9DD22E986F8500255820 /* Build configuration list for PBXNativeTarget "MacMagazine" */;
			buildPhases = (
				9B86C2D82EE32BA30024CE08 /* Run Swiftlint Script */,
				9B9E9DC02E986F8400255820 /* Sources */,
				9B9E9DC12E986F8400255820 /* Frameworks */,
				9B9E9DC22E986F8400255820 /* Resources */,
				9BDD42612EE9E83100A9BD85 /* Embed Foundation Extensions */,
				9BA828AD2EEC7AAB00F26FCB /* Embed Watch Content */,
			);
			buildRules = (
			);
			dependencies = (
				9BDD425F2EE9E83100A9BD85 /* PBXTargetDependency */,
				9BA828AB2EEC7AAB00F26FCB /* PBXTargetDependency */,
			);
			fileSystemSynchronizedGroups = (
				9B9E9DC62E986F8400255820 /* MacMagazine */,
			);
			name = MacMagazine;
			packageProductDependencies = (
				9BCD94C52E9971C0007C44B6 /* MacMagazineLibrary */,
				9B024FDB2EC2719700D66056 /* SettingsLibrary */,
				9B817DA12ED0E5F7005E58E5 /* VideosLibrary */,
				9B910BEA2EE09D1B00E96B4D /* FeedLibrary */,
				9B1A43022EE0C14E00E56784 /* PodcastLibrary */,
				9B543D332EE8A116001730C4 /* MacMagazineUILibrary */,
				9B0283C32EF61A08002611AB /* OnboardingLibrary */,
			);
			productName = MacMagazine;
			productReference = 9B9E9DC42E986F8400255820 /* MacMagazine.app */;
			productType = "com.apple.product-type.application";
		};
		9BA8288B2EEC7AAA00F26FCB /* WatchApp */ = {
			isa = PBXNativeTarget;
			buildConfigurationList = 9BA828B42EEC7AAB00F26FCB /* Build configuration list for PBXNativeTarget "WatchApp" */;
			buildPhases = (
				9BA828882EEC7AAA00F26FCB /* Sources */,
				9BA828892EEC7AAA00F26FCB /* Frameworks */,
				9BA8288A2EEC7AAA00F26FCB /* Resources */,
				9BC1BCAF2EF965A400C19D1D /* Embed Foundation Extensions */,
			);
			buildRules = (
			);
			dependencies = (
				9BC1BCAE2EF965A400C19D1D /* PBXTargetDependency */,
			);
			fileSystemSynchronizedGroups = (
				9BA8288D2EEC7AAA00F26FCB /* WatchApp */,
			);
			name = WatchApp;
			packageProductDependencies = (
				9BA828B72EEC7AE500F26FCB /* FeedLibrary */,
				9B104FDC2EF9B04E001FBAEB /* MacMagazineLibrary */,
			);
			productName = "WatchkApp Watch App";
			productReference = 9BA8288C2EEC7AAA00F26FCB /* WatchApp.app */;
			productType = "com.apple.product-type.application";
		};
		9BDD424C2EE9E82F00A9BD85 /* Widget */ = {
			isa = PBXNativeTarget;
			buildConfigurationList = 9BDD42642EE9E83100A9BD85 /* Build configuration list for PBXNativeTarget "Widget" */;
			buildPhases = (
				9BDD42492EE9E82F00A9BD85 /* Sources */,
				9BDD424A2EE9E82F00A9BD85 /* Frameworks */,
				9BDD424B2EE9E82F00A9BD85 /* Resources */,
			);
			buildRules = (
			);
			dependencies = (
			);
			fileSystemSynchronizedGroups = (
				9BDD42522EE9E82F00A9BD85 /* Widget */,
			);
			name = Widget;
			packageProductDependencies = (
				9B4F666E2EE9F223008ACACB /* FeedLibrary */,
				9B5143C42EF4CE9800ED4F39 /* MacMagazineLibrary */,
			);
			productName = WidgetExtension;
			productReference = 9BDD424D2EE9E82F00A9BD85 /* Widget.appex */;
			productType = "com.apple.product-type.app-extension";
		};
/* End PBXNativeTarget section */

/* Begin PBXProject section */
		9B9E9DBC2E986F8400255820 /* Project object */ = {
			isa = PBXProject;
			attributes = {
				BuildIndependentTargetsInParallel = 1;
				LastSwiftUpdateCheck = 2620;
				LastUpgradeCheck = 2610;
				TargetAttributes = {
					88C8B2E52EF476E100044DE9 = {
						CreatedOnToolsVersion = 26.2;
					};
					9B9E9DC32E986F8400255820 = {
						CreatedOnToolsVersion = 26.0.1;
					};
					9BA8288B2EEC7AAA00F26FCB = {
						CreatedOnToolsVersion = 26.1.1;
					};
					9BDD424C2EE9E82F00A9BD85 = {
						CreatedOnToolsVersion = 26.1.1;
					};
				};
			};
			buildConfigurationList = 9B9E9DBF2E986F8400255820 /* Build configuration list for PBXProject "MacMagazine" */;
			developmentRegion = en;
			hasScannedForEncodings = 0;
			knownRegions = (
				en,
				Base,
			);
			mainGroup = 9B9E9DBB2E986F8400255820;
			minimizedProjectReferenceProxies = 1;
			packageReferences = (
			);
			preferredProjectObjectVersion = 77;
			productRefGroup = 9B9E9DC52E986F8400255820 /* Products */;
			projectDirPath = "";
			projectRoot = "";
			targets = (
				9B9E9DC32E986F8400255820 /* MacMagazine */,
				9BDD424C2EE9E82F00A9BD85 /* Widget */,
				9BA8288B2EEC7AAA00F26FCB /* WatchApp */,
				88C8B2E52EF476E100044DE9 /* WatchWidget */,
			);
		};
/* End PBXProject section */

/* Begin PBXResourcesBuildPhase section */
		88C8B2E42EF476E100044DE9 /* Resources */ = {
			isa = PBXResourcesBuildPhase;
			buildActionMask = 2147483647;
			files = (
			);
			runOnlyForDeploymentPostprocessing = 0;
		};
		9B9E9DC22E986F8400255820 /* Resources */ = {
			isa = PBXResourcesBuildPhase;
			buildActionMask = 2147483647;
			files = (
			);
			runOnlyForDeploymentPostprocessing = 0;
		};
		9BA8288A2EEC7AAA00F26FCB /* Resources */ = {
			isa = PBXResourcesBuildPhase;
			buildActionMask = 2147483647;
			files = (
			);
			runOnlyForDeploymentPostprocessing = 0;
		};
		9BDD424B2EE9E82F00A9BD85 /* Resources */ = {
			isa = PBXResourcesBuildPhase;
			buildActionMask = 2147483647;
			files = (
			);
			runOnlyForDeploymentPostprocessing = 0;
		};
/* End PBXResourcesBuildPhase section */

/* Begin PBXShellScriptBuildPhase section */
		9B86C2D82EE32BA30024CE08 /* Run Swiftlint Script */ = {
			isa = PBXShellScriptBuildPhase;
			buildActionMask = 2147483647;
			files = (
			);
			inputFileListPaths = (
			);
			inputPaths = (
			);
			name = "Run Swiftlint Script";
			outputFileListPaths = (
			);
			outputPaths = (
				"$(DERIVED_FILE_DIR)/SwiftlintOutputFile",
			);
			runOnlyForDeploymentPostprocessing = 0;
			shellPath = /bin/sh;
			shellScript = "if [ \"${ENABLE_PREVIEWS}\" = \"YES\" ]; then\n  echo \"Skipping SwiftLint for previews\"\n  exit 0\nfi\n\nexport PATH=\"/opt/homebrew/bin:$PATH\"\n\nif which swiftlint > /dev/null; then\n  swiftlint --config ../.swiftlint.yml\nelse\n  echo \"warning: SwiftLint not installed, download from https://github.com/realm/SwiftLint\"\nfi\n";
		};
/* End PBXShellScriptBuildPhase section */

/* Begin PBXSourcesBuildPhase section */
		88C8B2E22EF476E100044DE9 /* Sources */ = {
			isa = PBXSourcesBuildPhase;
			buildActionMask = 2147483647;
			files = (
			);
			runOnlyForDeploymentPostprocessing = 0;
		};
		9B9E9DC02E986F8400255820 /* Sources */ = {
			isa = PBXSourcesBuildPhase;
			buildActionMask = 2147483647;
			files = (
			);
			runOnlyForDeploymentPostprocessing = 0;
		};
		9BA828882EEC7AAA00F26FCB /* Sources */ = {
			isa = PBXSourcesBuildPhase;
			buildActionMask = 2147483647;
			files = (
			);
			runOnlyForDeploymentPostprocessing = 0;
		};
		9BDD42492EE9E82F00A9BD85 /* Sources */ = {
			isa = PBXSourcesBuildPhase;
			buildActionMask = 2147483647;
			files = (
			);
			runOnlyForDeploymentPostprocessing = 0;
		};
/* End PBXSourcesBuildPhase section */

/* Begin PBXTargetDependency section */
		9BA828AB2EEC7AAB00F26FCB /* PBXTargetDependency */ = {
			isa = PBXTargetDependency;
			target = 9BA8288B2EEC7AAA00F26FCB /* WatchApp */;
			targetProxy = 9BA828AA2EEC7AAB00F26FCB /* PBXContainerItemProxy */;
		};
		9BC1BCAE2EF965A400C19D1D /* PBXTargetDependency */ = {
			isa = PBXTargetDependency;
			target = 88C8B2E52EF476E100044DE9 /* WatchWidget */;
			targetProxy = 9BC1BCAD2EF965A400C19D1D /* PBXContainerItemProxy */;
		};
		9BDD425F2EE9E83100A9BD85 /* PBXTargetDependency */ = {
			isa = PBXTargetDependency;
			target = 9BDD424C2EE9E82F00A9BD85 /* Widget */;
			targetProxy = 9BDD425E2EE9E83100A9BD85 /* PBXContainerItemProxy */;
		};
/* End PBXTargetDependency section */

/* Begin XCBuildConfiguration section */
		88C8B2F92EF476E200044DE9 /* Debug */ = {
			isa = XCBuildConfiguration;
			buildSettings = {
				ASSETCATALOG_COMPILER_GLOBAL_ACCENT_COLOR_NAME = AccentColor;
				ASSETCATALOG_COMPILER_WIDGET_BACKGROUND_COLOR_NAME = WidgetBackground;
				CODE_SIGN_ENTITLEMENTS = WatchWidget/WatchWidget.entitlements;
				CODE_SIGN_STYLE = Automatic;
				CURRENT_PROJECT_VERSION = 5.1.0;
				DEVELOPMENT_TEAM = A5VW9QUF9L;
				GENERATE_INFOPLIST_FILE = YES;
				INFOPLIST_FILE = WatchWidget/Info.plist;
				INFOPLIST_KEY_CFBundleDisplayName = MacMagazine;
				INFOPLIST_KEY_NSHumanReadableCopyright = "";
				LD_RUNPATH_SEARCH_PATHS = (
					"$(inherited)",
					"@executable_path/Frameworks",
					"@executable_path/../../Frameworks",
					"@executable_path/../../../../Frameworks",
				);
				MARKETING_VERSION = 5.1;
				PRODUCT_BUNDLE_IDENTIFIER = com.brit.beta.macmagazine.watchkitapp.WidgetWatch;
				PRODUCT_NAME = "$(TARGET_NAME)";
				SDKROOT = watchos;
				SKIP_INSTALL = YES;
				STRING_CATALOG_GENERATE_SYMBOLS = YES;
				SWIFT_APPROACHABLE_CONCURRENCY = YES;
				SWIFT_EMIT_LOC_STRINGS = YES;
				SWIFT_UPCOMING_FEATURE_MEMBER_IMPORT_VISIBILITY = YES;
				SWIFT_VERSION = 5.0;
				TARGETED_DEVICE_FAMILY = 4;
				WATCHOS_DEPLOYMENT_TARGET = 26.0;
			};
			name = Debug;
		};
		88C8B2FA2EF476E200044DE9 /* Release */ = {
			isa = XCBuildConfiguration;
			buildSettings = {
				ASSETCATALOG_COMPILER_GLOBAL_ACCENT_COLOR_NAME = AccentColor;
				ASSETCATALOG_COMPILER_WIDGET_BACKGROUND_COLOR_NAME = WidgetBackground;
				CODE_SIGN_ENTITLEMENTS = WatchWidget/WatchWidget.entitlements;
				CODE_SIGN_STYLE = Automatic;
				CURRENT_PROJECT_VERSION = 5.1.0;
				DEVELOPMENT_TEAM = A5VW9QUF9L;
				GENERATE_INFOPLIST_FILE = YES;
				INFOPLIST_FILE = WatchWidget/Info.plist;
				INFOPLIST_KEY_CFBundleDisplayName = MacMagazine;
				INFOPLIST_KEY_NSHumanReadableCopyright = "";
				LD_RUNPATH_SEARCH_PATHS = (
					"$(inherited)",
					"@executable_path/Frameworks",
					"@executable_path/../../Frameworks",
					"@executable_path/../../../../Frameworks",
				);
				MARKETING_VERSION = 5.1;
				PRODUCT_BUNDLE_IDENTIFIER = com.brit.beta.macmagazine.watchkitapp.WidgetWatch;
				PRODUCT_NAME = "$(TARGET_NAME)";
				SDKROOT = watchos;
				SKIP_INSTALL = YES;
				STRING_CATALOG_GENERATE_SYMBOLS = YES;
				SWIFT_APPROACHABLE_CONCURRENCY = YES;
				SWIFT_EMIT_LOC_STRINGS = YES;
				SWIFT_UPCOMING_FEATURE_MEMBER_IMPORT_VISIBILITY = YES;
				SWIFT_VERSION = 5.0;
				TARGETED_DEVICE_FAMILY = 4;
				WATCHOS_DEPLOYMENT_TARGET = 26.0;
			};
			name = Release;
		};
		9B9E9DD32E986F8500255820 /* Debug */ = {
			isa = XCBuildConfiguration;
			buildSettings = {
				ASSETCATALOG_COMPILER_APPICON_NAME = mm_icon;
				ASSETCATALOG_COMPILER_GLOBAL_ACCENT_COLOR_NAME = AccentColor;
				ASSETCATALOG_COMPILER_INCLUDE_ALL_APPICON_ASSETS = YES;
				CODE_SIGN_ENTITLEMENTS = MacMagazine/Resources/MacMagazine.entitlements;
				CODE_SIGN_STYLE = Automatic;
				CURRENT_PROJECT_VERSION = 5.1.0;
				DEVELOPMENT_TEAM = A5VW9QUF9L;
				ENABLE_PREVIEWS = YES;
				ENABLE_USER_SCRIPT_SANDBOXING = NO;
				GENERATE_INFOPLIST_FILE = YES;
				INFOPLIST_FILE = MacMagazine/Resources/Info.plist;
				INFOPLIST_KEY_ITSAppUsesNonExemptEncryption = NO;
				INFOPLIST_KEY_UIApplicationSceneManifest_Generation = YES;
				INFOPLIST_KEY_UIApplicationSupportsIndirectInputEvents = YES;
				INFOPLIST_KEY_UILaunchScreen_Generation = YES;
				INFOPLIST_KEY_UISupportedInterfaceOrientations_iPad = "UIInterfaceOrientationPortrait UIInterfaceOrientationPortraitUpsideDown UIInterfaceOrientationLandscapeLeft UIInterfaceOrientationLandscapeRight";
				INFOPLIST_KEY_UISupportedInterfaceOrientations_iPhone = "UIInterfaceOrientationPortrait UIInterfaceOrientationLandscapeLeft UIInterfaceOrientationLandscapeRight";
				LD_RUNPATH_SEARCH_PATHS = (
					"$(inherited)",
					"@executable_path/Frameworks",
				);
				MARKETING_VERSION = 5.1;
				PRODUCT_BUNDLE_IDENTIFIER = com.brit.beta.macmagazine;
				PRODUCT_NAME = "$(TARGET_NAME)";
				STRING_CATALOG_GENERATE_SYMBOLS = YES;
				SWIFT_APPROACHABLE_CONCURRENCY = YES;
				SWIFT_DEFAULT_ACTOR_ISOLATION = MainActor;
				SWIFT_EMIT_LOC_STRINGS = YES;
				SWIFT_UPCOMING_FEATURE_MEMBER_IMPORT_VISIBILITY = YES;
				SWIFT_VERSION = 5.0;
				TARGETED_DEVICE_FAMILY = "1,2";
			};
			name = Debug;
		};
		9B9E9DD42E986F8500255820 /* Release */ = {
			isa = XCBuildConfiguration;
			buildSettings = {
				ASSETCATALOG_COMPILER_APPICON_NAME = mm_icon;
				ASSETCATALOG_COMPILER_GLOBAL_ACCENT_COLOR_NAME = AccentColor;
				ASSETCATALOG_COMPILER_INCLUDE_ALL_APPICON_ASSETS = YES;
				CODE_SIGN_ENTITLEMENTS = MacMagazine/Resources/MacMagazine.entitlements;
				CODE_SIGN_STYLE = Automatic;
				CURRENT_PROJECT_VERSION = 5.1.0;
				DEVELOPMENT_TEAM = A5VW9QUF9L;
				ENABLE_PREVIEWS = YES;
				ENABLE_USER_SCRIPT_SANDBOXING = NO;
				GENERATE_INFOPLIST_FILE = YES;
				INFOPLIST_FILE = MacMagazine/Resources/Info.plist;
				INFOPLIST_KEY_ITSAppUsesNonExemptEncryption = NO;
				INFOPLIST_KEY_UIApplicationSceneManifest_Generation = YES;
				INFOPLIST_KEY_UIApplicationSupportsIndirectInputEvents = YES;
				INFOPLIST_KEY_UILaunchScreen_Generation = YES;
				INFOPLIST_KEY_UISupportedInterfaceOrientations_iPad = "UIInterfaceOrientationPortrait UIInterfaceOrientationPortraitUpsideDown UIInterfaceOrientationLandscapeLeft UIInterfaceOrientationLandscapeRight";
				INFOPLIST_KEY_UISupportedInterfaceOrientations_iPhone = "UIInterfaceOrientationPortrait UIInterfaceOrientationLandscapeLeft UIInterfaceOrientationLandscapeRight";
				LD_RUNPATH_SEARCH_PATHS = (
					"$(inherited)",
					"@executable_path/Frameworks",
				);
				MARKETING_VERSION = 5.1;
				PRODUCT_BUNDLE_IDENTIFIER = com.brit.beta.macmagazine;
				PRODUCT_NAME = "$(TARGET_NAME)";
				STRING_CATALOG_GENERATE_SYMBOLS = YES;
				SWIFT_APPROACHABLE_CONCURRENCY = YES;
				SWIFT_DEFAULT_ACTOR_ISOLATION = MainActor;
				SWIFT_EMIT_LOC_STRINGS = YES;
				SWIFT_UPCOMING_FEATURE_MEMBER_IMPORT_VISIBILITY = YES;
				SWIFT_VERSION = 5.0;
				TARGETED_DEVICE_FAMILY = "1,2";
			};
			name = Release;
		};
		9B9E9DD52E986F8500255820 /* Debug */ = {
			isa = XCBuildConfiguration;
			buildSettings = {
				ALWAYS_SEARCH_USER_PATHS = NO;
				ASSETCATALOG_COMPILER_GENERATE_SWIFT_ASSET_SYMBOL_EXTENSIONS = YES;
				CLANG_ANALYZER_NONNULL = YES;
				CLANG_ANALYZER_NUMBER_OBJECT_CONVERSION = YES_AGGRESSIVE;
				CLANG_CXX_LANGUAGE_STANDARD = "gnu++20";
				CLANG_ENABLE_MODULES = YES;
				CLANG_ENABLE_OBJC_ARC = YES;
				CLANG_ENABLE_OBJC_WEAK = YES;
				CLANG_WARN_BLOCK_CAPTURE_AUTORELEASING = YES;
				CLANG_WARN_BOOL_CONVERSION = YES;
				CLANG_WARN_COMMA = YES;
				CLANG_WARN_CONSTANT_CONVERSION = YES;
				CLANG_WARN_DEPRECATED_OBJC_IMPLEMENTATIONS = YES;
				CLANG_WARN_DIRECT_OBJC_ISA_USAGE = YES_ERROR;
				CLANG_WARN_DOCUMENTATION_COMMENTS = YES;
				CLANG_WARN_EMPTY_BODY = YES;
				CLANG_WARN_ENUM_CONVERSION = YES;
				CLANG_WARN_INFINITE_RECURSION = YES;
				CLANG_WARN_INT_CONVERSION = YES;
				CLANG_WARN_NON_LITERAL_NULL_CONVERSION = YES;
				CLANG_WARN_OBJC_IMPLICIT_RETAIN_SELF = YES;
				CLANG_WARN_OBJC_LITERAL_CONVERSION = YES;
				CLANG_WARN_OBJC_ROOT_CLASS = YES_ERROR;
				CLANG_WARN_QUOTED_INCLUDE_IN_FRAMEWORK_HEADER = YES;
				CLANG_WARN_RANGE_LOOP_ANALYSIS = YES;
				CLANG_WARN_STRICT_PROTOTYPES = YES;
				CLANG_WARN_SUSPICIOUS_MOVE = YES;
				CLANG_WARN_UNGUARDED_AVAILABILITY = YES_AGGRESSIVE;
				CLANG_WARN_UNREACHABLE_CODE = YES;
				CLANG_WARN__DUPLICATE_METHOD_MATCH = YES;
				COPY_PHASE_STRIP = NO;
				DEBUG_INFORMATION_FORMAT = dwarf;
				DEVELOPMENT_TEAM = A5VW9QUF9L;
				ENABLE_STRICT_OBJC_MSGSEND = YES;
				ENABLE_TESTABILITY = YES;
				ENABLE_USER_SCRIPT_SANDBOXING = YES;
				GCC_C_LANGUAGE_STANDARD = gnu17;
				GCC_DYNAMIC_NO_PIC = NO;
				GCC_NO_COMMON_BLOCKS = YES;
				GCC_OPTIMIZATION_LEVEL = 0;
				GCC_PREPROCESSOR_DEFINITIONS = (
					"DEBUG=1",
					"$(inherited)",
				);
				GCC_WARN_64_TO_32_BIT_CONVERSION = YES;
				GCC_WARN_ABOUT_RETURN_TYPE = YES_ERROR;
				GCC_WARN_UNDECLARED_SELECTOR = YES;
				GCC_WARN_UNINITIALIZED_AUTOS = YES_AGGRESSIVE;
				GCC_WARN_UNUSED_FUNCTION = YES;
				GCC_WARN_UNUSED_VARIABLE = YES;
				IPHONEOS_DEPLOYMENT_TARGET = 26.0;
				LOCALIZATION_PREFERS_STRING_CATALOGS = YES;
				MTL_ENABLE_DEBUG_INFO = INCLUDE_SOURCE;
				MTL_FAST_MATH = YES;
				ONLY_ACTIVE_ARCH = YES;
				SDKROOT = iphoneos;
				STRING_CATALOG_GENERATE_SYMBOLS = YES;
				SWIFT_ACTIVE_COMPILATION_CONDITIONS = "DEBUG $(inherited)";
				SWIFT_OPTIMIZATION_LEVEL = "-Onone";
			};
			name = Debug;
		};
		9B9E9DD62E986F8500255820 /* Release */ = {
			isa = XCBuildConfiguration;
			buildSettings = {
				ALWAYS_SEARCH_USER_PATHS = NO;
				ASSETCATALOG_COMPILER_GENERATE_SWIFT_ASSET_SYMBOL_EXTENSIONS = YES;
				CLANG_ANALYZER_NONNULL = YES;
				CLANG_ANALYZER_NUMBER_OBJECT_CONVERSION = YES_AGGRESSIVE;
				CLANG_CXX_LANGUAGE_STANDARD = "gnu++20";
				CLANG_ENABLE_MODULES = YES;
				CLANG_ENABLE_OBJC_ARC = YES;
				CLANG_ENABLE_OBJC_WEAK = YES;
				CLANG_WARN_BLOCK_CAPTURE_AUTORELEASING = YES;
				CLANG_WARN_BOOL_CONVERSION = YES;
				CLANG_WARN_COMMA = YES;
				CLANG_WARN_CONSTANT_CONVERSION = YES;
				CLANG_WARN_DEPRECATED_OBJC_IMPLEMENTATIONS = YES;
				CLANG_WARN_DIRECT_OBJC_ISA_USAGE = YES_ERROR;
				CLANG_WARN_DOCUMENTATION_COMMENTS = YES;
				CLANG_WARN_EMPTY_BODY = YES;
				CLANG_WARN_ENUM_CONVERSION = YES;
				CLANG_WARN_INFINITE_RECURSION = YES;
				CLANG_WARN_INT_CONVERSION = YES;
				CLANG_WARN_NON_LITERAL_NULL_CONVERSION = YES;
				CLANG_WARN_OBJC_IMPLICIT_RETAIN_SELF = YES;
				CLANG_WARN_OBJC_LITERAL_CONVERSION = YES;
				CLANG_WARN_OBJC_ROOT_CLASS = YES_ERROR;
				CLANG_WARN_QUOTED_INCLUDE_IN_FRAMEWORK_HEADER = YES;
				CLANG_WARN_RANGE_LOOP_ANALYSIS = YES;
				CLANG_WARN_STRICT_PROTOTYPES = YES;
				CLANG_WARN_SUSPICIOUS_MOVE = YES;
				CLANG_WARN_UNGUARDED_AVAILABILITY = YES_AGGRESSIVE;
				CLANG_WARN_UNREACHABLE_CODE = YES;
				CLANG_WARN__DUPLICATE_METHOD_MATCH = YES;
				COPY_PHASE_STRIP = NO;
				DEBUG_INFORMATION_FORMAT = "dwarf-with-dsym";
				DEVELOPMENT_TEAM = A5VW9QUF9L;
				ENABLE_NS_ASSERTIONS = NO;
				ENABLE_STRICT_OBJC_MSGSEND = YES;
				ENABLE_USER_SCRIPT_SANDBOXING = YES;
				GCC_C_LANGUAGE_STANDARD = gnu17;
				GCC_NO_COMMON_BLOCKS = YES;
				GCC_WARN_64_TO_32_BIT_CONVERSION = YES;
				GCC_WARN_ABOUT_RETURN_TYPE = YES_ERROR;
				GCC_WARN_UNDECLARED_SELECTOR = YES;
				GCC_WARN_UNINITIALIZED_AUTOS = YES_AGGRESSIVE;
				GCC_WARN_UNUSED_FUNCTION = YES;
				GCC_WARN_UNUSED_VARIABLE = YES;
				IPHONEOS_DEPLOYMENT_TARGET = 26.0;
				LOCALIZATION_PREFERS_STRING_CATALOGS = YES;
				MTL_ENABLE_DEBUG_INFO = NO;
				MTL_FAST_MATH = YES;
				SDKROOT = iphoneos;
				STRING_CATALOG_GENERATE_SYMBOLS = YES;
				SWIFT_COMPILATION_MODE = wholemodule;
				VALIDATE_PRODUCT = YES;
			};
			name = Release;
		};
		9BA828AE2EEC7AAB00F26FCB /* Debug */ = {
			isa = XCBuildConfiguration;
			buildSettings = {
				ASSETCATALOG_COMPILER_APPICON_NAME = mm_icon;
				ASSETCATALOG_COMPILER_GLOBAL_ACCENT_COLOR_NAME = AccentColor;
				ASSETCATALOG_COMPILER_INCLUDE_ALL_APPICON_ASSETS = YES;
				CODE_SIGN_ENTITLEMENTS = WatchApp/WatchApp.entitlements;
				CODE_SIGN_STYLE = Automatic;
				CURRENT_PROJECT_VERSION = 5.1.0;
				DEVELOPMENT_TEAM = A5VW9QUF9L;
				ENABLE_PREVIEWS = YES;
				GENERATE_INFOPLIST_FILE = YES;
				INFOPLIST_KEY_CFBundleDisplayName = MacMagazine;
				INFOPLIST_KEY_UISupportedInterfaceOrientations = "UIInterfaceOrientationPortrait UIInterfaceOrientationPortraitUpsideDown";
				INFOPLIST_KEY_WKCompanionAppBundleIdentifier = com.brit.beta.macmagazine;
				LD_RUNPATH_SEARCH_PATHS = (
					"$(inherited)",
					"@executable_path/Frameworks",
				);
				MARKETING_VERSION = 5.1;
				PRODUCT_BUNDLE_IDENTIFIER = com.brit.beta.macmagazine.watchkitapp;
				PRODUCT_NAME = "$(TARGET_NAME)";
				SDKROOT = watchos;
				SKIP_INSTALL = YES;
				STRING_CATALOG_GENERATE_SYMBOLS = YES;
				SWIFT_APPROACHABLE_CONCURRENCY = YES;
				SWIFT_DEFAULT_ACTOR_ISOLATION = MainActor;
				SWIFT_EMIT_LOC_STRINGS = YES;
				SWIFT_UPCOMING_FEATURE_MEMBER_IMPORT_VISIBILITY = YES;
				SWIFT_VERSION = 5.0;
				TARGETED_DEVICE_FAMILY = 4;
				WATCHOS_DEPLOYMENT_TARGET = 26.0;
			};
			name = Debug;
		};
		9BA828AF2EEC7AAB00F26FCB /* Release */ = {
			isa = XCBuildConfiguration;
			buildSettings = {
				ASSETCATALOG_COMPILER_APPICON_NAME = mm_icon;
				ASSETCATALOG_COMPILER_GLOBAL_ACCENT_COLOR_NAME = AccentColor;
				ASSETCATALOG_COMPILER_INCLUDE_ALL_APPICON_ASSETS = YES;
				CODE_SIGN_ENTITLEMENTS = WatchApp/WatchApp.entitlements;
				CODE_SIGN_STYLE = Automatic;
				CURRENT_PROJECT_VERSION = 5.1.0;
				DEVELOPMENT_TEAM = A5VW9QUF9L;
				ENABLE_PREVIEWS = YES;
				GENERATE_INFOPLIST_FILE = YES;
				INFOPLIST_KEY_CFBundleDisplayName = MacMagazine;
				INFOPLIST_KEY_UISupportedInterfaceOrientations = "UIInterfaceOrientationPortrait UIInterfaceOrientationPortraitUpsideDown";
				INFOPLIST_KEY_WKCompanionAppBundleIdentifier = com.brit.beta.macmagazine;
				LD_RUNPATH_SEARCH_PATHS = (
					"$(inherited)",
					"@executable_path/Frameworks",
				);
				MARKETING_VERSION = 5.1;
				PRODUCT_BUNDLE_IDENTIFIER = com.brit.beta.macmagazine.watchkitapp;
				PRODUCT_NAME = "$(TARGET_NAME)";
				SDKROOT = watchos;
				SKIP_INSTALL = YES;
				STRING_CATALOG_GENERATE_SYMBOLS = YES;
				SWIFT_APPROACHABLE_CONCURRENCY = YES;
				SWIFT_DEFAULT_ACTOR_ISOLATION = MainActor;
				SWIFT_EMIT_LOC_STRINGS = YES;
				SWIFT_UPCOMING_FEATURE_MEMBER_IMPORT_VISIBILITY = YES;
				SWIFT_VERSION = 5.0;
				TARGETED_DEVICE_FAMILY = 4;
				WATCHOS_DEPLOYMENT_TARGET = 26.0;
			};
			name = Release;
		};
		9BDD42622EE9E83100A9BD85 /* Debug */ = {
			isa = XCBuildConfiguration;
			buildSettings = {
				ASSETCATALOG_COMPILER_GLOBAL_ACCENT_COLOR_NAME = AccentColor;
				ASSETCATALOG_COMPILER_WIDGET_BACKGROUND_COLOR_NAME = WidgetBackground;
				CODE_SIGN_STYLE = Automatic;
				CURRENT_PROJECT_VERSION = 5.1.0;
				DEVELOPMENT_TEAM = A5VW9QUF9L;
				GENERATE_INFOPLIST_FILE = YES;
				INFOPLIST_FILE = Widget/Info.plist;
				INFOPLIST_KEY_CFBundleDisplayName = Widget;
				INFOPLIST_KEY_NSHumanReadableCopyright = "";
				IPHONEOS_DEPLOYMENT_TARGET = 26.1;
				LD_RUNPATH_SEARCH_PATHS = (
					"$(inherited)",
					"@executable_path/Frameworks",
					"@executable_path/../../Frameworks",
				);
				MARKETING_VERSION = 5.1;
				PRODUCT_BUNDLE_IDENTIFIER = com.brit.beta.macmagazine.Widget;
				PRODUCT_NAME = "$(TARGET_NAME)";
				SKIP_INSTALL = YES;
				STRING_CATALOG_GENERATE_SYMBOLS = YES;
				SWIFT_APPROACHABLE_CONCURRENCY = YES;
				SWIFT_EMIT_LOC_STRINGS = YES;
				SWIFT_UPCOMING_FEATURE_MEMBER_IMPORT_VISIBILITY = YES;
				SWIFT_VERSION = 5.0;
				TARGETED_DEVICE_FAMILY = "1,2";
			};
			name = Debug;
		};
		9BDD42632EE9E83100A9BD85 /* Release */ = {
			isa = XCBuildConfiguration;
			buildSettings = {
				ASSETCATALOG_COMPILER_GLOBAL_ACCENT_COLOR_NAME = AccentColor;
				ASSETCATALOG_COMPILER_WIDGET_BACKGROUND_COLOR_NAME = WidgetBackground;
				CODE_SIGN_STYLE = Automatic;
				CURRENT_PROJECT_VERSION = 5.1.0;
				DEVELOPMENT_TEAM = A5VW9QUF9L;
				GENERATE_INFOPLIST_FILE = YES;
				INFOPLIST_FILE = Widget/Info.plist;
				INFOPLIST_KEY_CFBundleDisplayName = Widget;
				INFOPLIST_KEY_NSHumanReadableCopyright = "";
				IPHONEOS_DEPLOYMENT_TARGET = 26.1;
				LD_RUNPATH_SEARCH_PATHS = (
					"$(inherited)",
					"@executable_path/Frameworks",
					"@executable_path/../../Frameworks",
				);
				MARKETING_VERSION = 5.1;
				PRODUCT_BUNDLE_IDENTIFIER = com.brit.beta.macmagazine.Widget;
				PRODUCT_NAME = "$(TARGET_NAME)";
				SKIP_INSTALL = YES;
				STRING_CATALOG_GENERATE_SYMBOLS = YES;
				SWIFT_APPROACHABLE_CONCURRENCY = YES;
				SWIFT_EMIT_LOC_STRINGS = YES;
				SWIFT_UPCOMING_FEATURE_MEMBER_IMPORT_VISIBILITY = YES;
				SWIFT_VERSION = 5.0;
				TARGETED_DEVICE_FAMILY = "1,2";
			};
			name = Release;
		};
/* End XCBuildConfiguration section */

/* Begin XCConfigurationList section */
		88C8B2F82EF476E200044DE9 /* Build configuration list for PBXNativeTarget "WatchWidget" */ = {
			isa = XCConfigurationList;
			buildConfigurations = (
				88C8B2F92EF476E200044DE9 /* Debug */,
				88C8B2FA2EF476E200044DE9 /* Release */,
			);
			defaultConfigurationIsVisible = 0;
			defaultConfigurationName = Release;
		};
		9B9E9DBF2E986F8400255820 /* Build configuration list for PBXProject "MacMagazine" */ = {
			isa = XCConfigurationList;
			buildConfigurations = (
				9B9E9DD52E986F8500255820 /* Debug */,
				9B9E9DD62E986F8500255820 /* Release */,
			);
			defaultConfigurationIsVisible = 0;
			defaultConfigurationName = Release;
		};
		9B9E9DD22E986F8500255820 /* Build configuration list for PBXNativeTarget "MacMagazine" */ = {
			isa = XCConfigurationList;
			buildConfigurations = (
				9B9E9DD32E986F8500255820 /* Debug */,
				9B9E9DD42E986F8500255820 /* Release */,
			);
			defaultConfigurationIsVisible = 0;
			defaultConfigurationName = Release;
		};
		9BA828B42EEC7AAB00F26FCB /* Build configuration list for PBXNativeTarget "WatchApp" */ = {
			isa = XCConfigurationList;
			buildConfigurations = (
				9BA828AE2EEC7AAB00F26FCB /* Debug */,
				9BA828AF2EEC7AAB00F26FCB /* Release */,
			);
			defaultConfigurationIsVisible = 0;
			defaultConfigurationName = Release;
		};
		9BDD42642EE9E83100A9BD85 /* Build configuration list for PBXNativeTarget "Widget" */ = {
			isa = XCConfigurationList;
			buildConfigurations = (
				9BDD42622EE9E83100A9BD85 /* Debug */,
				9BDD42632EE9E83100A9BD85 /* Release */,
			);
			defaultConfigurationIsVisible = 0;
			defaultConfigurationName = Release;
		};
/* End XCConfigurationList section */

/* Begin XCSwiftPackageProductDependency section */
		88C8B2FD2EF48DC500044DE9 /* FeedLibrary */ = {
			isa = XCSwiftPackageProductDependency;
			productName = FeedLibrary;
		};
		9B024FDB2EC2719700D66056 /* SettingsLibrary */ = {
			isa = XCSwiftPackageProductDependency;
			productName = SettingsLibrary;
		};
		9B0283C32EF61A08002611AB /* OnboardingLibrary */ = {
			isa = XCSwiftPackageProductDependency;
			productName = OnboardingLibrary;
		};
		9B104FDC2EF9B04E001FBAEB /* MacMagazineLibrary */ = {
			isa = XCSwiftPackageProductDependency;
			productName = MacMagazineLibrary;
		};
		9B1A43022EE0C14E00E56784 /* PodcastLibrary */ = {
			isa = XCSwiftPackageProductDependency;
			productName = PodcastLibrary;
		};
		9B4F666E2EE9F223008ACACB /* FeedLibrary */ = {
			isa = XCSwiftPackageProductDependency;
			productName = FeedLibrary;
		};
		9B5143C42EF4CE9800ED4F39 /* MacMagazineLibrary */ = {
			isa = XCSwiftPackageProductDependency;
			productName = MacMagazineLibrary;
		};
		9B543D332EE8A116001730C4 /* MacMagazineUILibrary */ = {
			isa = XCSwiftPackageProductDependency;
			productName = MacMagazineUILibrary;
		};
		9B817DA12ED0E5F7005E58E5 /* VideosLibrary */ = {
			isa = XCSwiftPackageProductDependency;
			productName = VideosLibrary;
		};
		9B910BEA2EE09D1B00E96B4D /* FeedLibrary */ = {
			isa = XCSwiftPackageProductDependency;
			productName = FeedLibrary;
		};
		9BA828B72EEC7AE500F26FCB /* FeedLibrary */ = {
			isa = XCSwiftPackageProductDependency;
			productName = FeedLibrary;
		};
		9BCD94C52E9971C0007C44B6 /* MacMagazineLibrary */ = {
			isa = XCSwiftPackageProductDependency;
			productName = MacMagazineLibrary;
		};
/* End XCSwiftPackageProductDependency section */
	};
	rootObject = 9B9E9DBC2E986F8400255820 /* Project object */;
}
