{
  "originHash" : "d9c4e35e83b2a967cf6f27c5adab141897f643e4393ff7456058fb6322b2d55d",
  "pins" : [
    {
      "identity" : "kingfisher",
      "kind" : "remoteSourceControl",
      "location" : "https://github.com/onevcat/Kingfisher.git",
      "state" : {
        "revision" : "b450a3b30e0767277a6eed7e02dbdebd7d173da0",
        "version" : "8.3.0"
      }
    },
    {
      "identity" : "onesignal-xcframework",
      "kind" : "remoteSourceControl",
      "location" : "https://github.com/OneSignal/OneSignal-XCFramework",
      "state" : {
        "revision" : "a7df0fa1cb25ae2920b6ee01fe703fec50639256",
        "version" : "5.2.10"
      }
    },
    {
      "identity" : "wonderpush-ios-sdk",
      "kind" : "remoteSourceControl",
      "location" : "https://github.com/wonderpush/wonderpush-ios-sdk",
      "state" : {
        "revision" : "88278c06092aff15a317a664164ad4f601960508",
        "version" : "4.3.1"
      }
    }
  ],
  "version" : 3
}
